PODS:
  - AFNetworking (2.2.3):
    - AFNetworking/NSURLConnection
    - AFNetworking/NSURLSession
    - AFNetworking/Reachability
    - AFNetworking/Security
    - AFNetworking/Serialization
    - AFNetworking/UIKit
  - AFNetworking/NSURLConnection (2.2.3):
    - AFNetworking/Reachability
    - AFNetworking/Security
    - AFNetworking/Serialization
  - AFNetworking/NSURLSession (2.2.3):
    - AFNetworking/NSURLConnection
  - AFNetworking/Reachability (2.2.3)
  - AFNetworking/Security (2.2.3)
  - AFNetworking/Serialization (2.2.3)
  - AFNetworking/UIKit (2.2.3):
    - AFNetworking/NSURLConnection
    - AFNetworking/NSURLSession
  - JDStatusBarNotification (1.4.7)
  - Lockbox (1.4.6)
  - PSPDFKit (3.7.5)
  - REMenu (1.8.4)

DEPENDENCIES:
  - AFNetworking (= 2.2.3)
  - JDStatusBarNotification (~> 1.4.7)
  - Lockbox (~> 1.4.6)
  - PSPDFKit (~> 3.7.5)
  - REMenu (~> 1.8.4)

SPEC CHECKSUMS:
  AFNetworking: 47947303319594706f48a55185ea95a95159ab94
  JDStatusBarNotification: ac0b8550e761a0ab01696a6592564ff17698ca43
  Lockbox: ae0bbc651c12762d92ba1463af8ad5b2258fe097
  PSPDFKit: 50af33cfd9980040eaebc1c76acee96bd2375733
  REMenu: 531a8b6bc7764a2fe4ceda7a533399a09184b250

COCOAPODS: 0.33.1
