// !$*UTF8*$!
{
	archiveVersion = 1;
	classes = {
	};
	objectVersion = 46;
	objects = {

/* Begin PBXBuildFile section */
		37B57E9B19ECFC76000B893A /* PublissCore.framework in Frameworks */ = {isa = PBXBuildFile; fileRef = 37B57E9919ECFC76000B893A /* PublissCore.framework */; };
		37F2F9A219ED6196003E344D /* PUBKioskLayout.m in Sources */ = {isa = PBXBuildFile; fileRef = 37F2F9A119ED6196003E344D /* PUBKioskLayout.m */; };
		37F2F9A519ED6E9D003E344D /* PUBImageReusableView.m in Sources */ = {isa = PBXBuildFile; fileRef = 37F2F9A419ED6E9D003E344D /* PUBImageReusableView.m */; };
		37F2F9AB19EE5E80003E344D /* PUBHeaderReusableView.m in Sources */ = {isa = PBXBuildFile; fileRef = 37F2F9AA19EE5E80003E344D /* PUBHeaderReusableView.m */; };
		37F2F9B119EE5F73003E344D /* PUBHeaderReusableView+Documents.m in Sources */ = {isa = PBXBuildFile; fileRef = 37F2F9B019EE5F73003E344D /* PUBHeaderReusableView+Documents.m */; };
		37F2F9B419F11037003E344D /* PUBFadeTransition.m in Sources */ = {isa = PBXBuildFile; fileRef = 37F2F9B319F11037003E344D /* PUBFadeTransition.m */; };
		37F2F9B719F11CF6003E344D /* PUBTransitioningDelegate.m in Sources */ = {isa = PBXBuildFile; fileRef = 37F2F9B619F11CF6003E344D /* PUBTransitioningDelegate.m */; };
		37F2F9BA19F13004003E344D /* PUBDimmView.m in Sources */ = {isa = PBXBuildFile; fileRef = 37F2F9B919F13004003E344D /* PUBDimmView.m */; };
		37F2F9BD19F137C4003E344D /* PUBDocumentTransition.m in Sources */ = {isa = PBXBuildFile; fileRef = 37F2F9BC19F137C4003E344D /* PUBDocumentTransition.m */; };
		7864703918A532030005B3B1 /* Publiss.xcdatamodeld in Sources */ = {isa = PBXBuildFile; fileRef = 7864703518A532030005B3B1 /* Publiss.xcdatamodeld */; };
		8110780C18112E2000281106 /* AudioToolbox.framework in Frameworks */ = {isa = PBXBuildFile; fileRef = 8110780B18112E2000281106 /* AudioToolbox.framework */; };
		8110780E18112E4100281106 /* CoreAudio.framework in Frameworks */ = {isa = PBXBuildFile; fileRef = 8110780D18112E4100281106 /* CoreAudio.framework */; };
		8110781018112E5200281106 /* CoreImage.framework in Frameworks */ = {isa = PBXBuildFile; fileRef = 8110780F18112E5200281106 /* CoreImage.framework */; };
		8110781218112E5C00281106 /* MediaPlayer.framework in Frameworks */ = {isa = PBXBuildFile; fileRef = 8110781118112E5C00281106 /* MediaPlayer.framework */; };
		8110781418112E6800281106 /* QuartzCore.framework in Frameworks */ = {isa = PBXBuildFile; fileRef = 8110781318112E6800281106 /* QuartzCore.framework */; };
		8110781618112E7900281106 /* CoreText.framework in Frameworks */ = {isa = PBXBuildFile; fileRef = 8110781518112E7900281106 /* CoreText.framework */; };
		8110781818112E8200281106 /* ImageIO.framework in Frameworks */ = {isa = PBXBuildFile; fileRef = 8110781718112E8200281106 /* ImageIO.framework */; };
		8110781C18112FA800281106 /* MessageUI.framework in Frameworks */ = {isa = PBXBuildFile; fileRef = 8110781B18112FA800281106 /* MessageUI.framework */; };
		8110781E18112FBB00281106 /* libz.1.2.5.dylib in Frameworks */ = {isa = PBXBuildFile; fileRef = 8110781D18112FBB00281106 /* libz.1.2.5.dylib */; };
		8110782018112FCE00281106 /* CoreMedia.framework in Frameworks */ = {isa = PBXBuildFile; fileRef = 8110781F18112FCE00281106 /* CoreMedia.framework */; };
		8110782218112FDC00281106 /* CFNetwork.framework in Frameworks */ = {isa = PBXBuildFile; fileRef = 8110782118112FDB00281106 /* CFNetwork.framework */; };
		8110782418112FE400281106 /* AVFoundation.framework in Frameworks */ = {isa = PBXBuildFile; fileRef = 8110782318112FE400281106 /* AVFoundation.framework */; };
		8110782618112FF900281106 /* AssetsLibrary.framework in Frameworks */ = {isa = PBXBuildFile; fileRef = 8110782518112FF900281106 /* AssetsLibrary.framework */; };
		811078281811300000281106 /* Security.framework in Frameworks */ = {isa = PBXBuildFile; fileRef = 811078271811300000281106 /* Security.framework */; };
		8110782A1811300900281106 /* QuickLook.framework in Frameworks */ = {isa = PBXBuildFile; fileRef = 811078291811300900281106 /* QuickLook.framework */; };
		8110782C1811301900281106 /* libsqlite3.dylib in Frameworks */ = {isa = PBXBuildFile; fileRef = 8110782B1811301900281106 /* libsqlite3.dylib */; };
		8110782E1811301F00281106 /* libxml2.2.dylib in Frameworks */ = {isa = PBXBuildFile; fileRef = 8110782D1811301F00281106 /* libxml2.2.dylib */; };
		870110DA180FCF140034B9AC /* Foundation.framework in Frameworks */ = {isa = PBXBuildFile; fileRef = 870110D9180FCF140034B9AC /* Foundation.framework */; };
		870110DC180FCF140034B9AC /* CoreGraphics.framework in Frameworks */ = {isa = PBXBuildFile; fileRef = 870110DB180FCF140034B9AC /* CoreGraphics.framework */; };
		870110DE180FCF140034B9AC /* UIKit.framework in Frameworks */ = {isa = PBXBuildFile; fileRef = 870110DD180FCF140034B9AC /* UIKit.framework */; };
		870110E0180FCF140034B9AC /* CoreData.framework in Frameworks */ = {isa = PBXBuildFile; fileRef = 870110DF180FCF140034B9AC /* CoreData.framework */; };
		870110E8180FCF140034B9AC /* main.m in Sources */ = {isa = PBXBuildFile; fileRef = 870110E7180FCF140034B9AC /* main.m */; };
		870110EC180FCF140034B9AC /* PUBAppDelegate.m in Sources */ = {isa = PBXBuildFile; fileRef = 870110EB180FCF140034B9AC /* PUBAppDelegate.m */; };
		870110F1180FCF140034B9AC /* Images.xcassets in Resources */ = {isa = PBXBuildFile; fileRef = 870110F0180FCF140034B9AC /* Images.xcassets */; };
		870110F8180FCF140034B9AC /* XCTest.framework in Frameworks */ = {isa = PBXBuildFile; fileRef = 870110F7180FCF140034B9AC /* XCTest.framework */; };
		870110F9180FCF140034B9AC /* Foundation.framework in Frameworks */ = {isa = PBXBuildFile; fileRef = 870110D9180FCF140034B9AC /* Foundation.framework */; };
		870110FA180FCF140034B9AC /* UIKit.framework in Frameworks */ = {isa = PBXBuildFile; fileRef = 870110DD180FCF140034B9AC /* UIKit.framework */; };
		870110FB180FCF140034B9AC /* CoreData.framework in Frameworks */ = {isa = PBXBuildFile; fileRef = 870110DF180FCF140034B9AC /* CoreData.framework */; };
		87011103180FCF140034B9AC /* InfoPlist.strings in Resources */ = {isa = PBXBuildFile; fileRef = 87011101180FCF140034B9AC /* InfoPlist.strings */; };
		87011105180FCF140034B9AC /* PublissTests.m in Sources */ = {isa = PBXBuildFile; fileRef = 87011104180FCF140034B9AC /* PublissTests.m */; };
		8749898319B07668006ABCA3 /* Localizable.strings in Resources */ = {isa = PBXBuildFile; fileRef = 8749898519B07668006ABCA3 /* Localizable.strings */; };
		8773EC0D1A31F10D00D2A4CF /* PUBUserLogin.storyboard in Resources */ = {isa = PBXBuildFile; fileRef = 8773EC0C1A31F10D00D2A4CF /* PUBUserLogin.storyboard */; };
		8773EC101A31F3F000D2A4CF /* PUBUserLoginViewController.m in Sources */ = {isa = PBXBuildFile; fileRef = 8773EC0F1A31F3F000D2A4CF /* PUBUserLoginViewController.m */; };
		8773EC161A31F8E000D2A4CF /* UIImage+ImageEffects.m in Sources */ = {isa = PBXBuildFile; fileRef = 8773EC151A31F8E000D2A4CF /* UIImage+ImageEffects.m */; };
		877665B619ACEA06000DFFF1 /* IAPController.m in Sources */ = {isa = PBXBuildFile; fileRef = 877665B319ACEA06000DFFF1 /* IAPController.m */; };
		877665B719ACEA06000DFFF1 /* IAPManager.m in Sources */ = {isa = PBXBuildFile; fileRef = 877665B519ACEA06000DFFF1 /* IAPManager.m */; };
		877665C319ACEA0C000DFFF1 /* PUBPageView.m in Sources */ = {isa = PBXBuildFile; fileRef = 877665BA19ACEA0C000DFFF1 /* PUBPageView.m */; };
		877665C419ACEA0C000DFFF1 /* PUBPDFDocument.m in Sources */ = {isa = PBXBuildFile; fileRef = 877665BC19ACEA0C000DFFF1 /* PUBPDFDocument.m */; };
		877665C519ACEA0C000DFFF1 /* PUBPDFViewController.m in Sources */ = {isa = PBXBuildFile; fileRef = 877665BE19ACEA0C000DFFF1 /* PUBPDFViewController.m */; };
		877665C619ACEA0C000DFFF1 /* PUBSearchViewController.m in Sources */ = {isa = PBXBuildFile; fileRef = 877665C019ACEA0C000DFFF1 /* PUBSearchViewController.m */; };
		877665C719ACEA0C000DFFF1 /* PUBThumbnailGridViewCell.m in Sources */ = {isa = PBXBuildFile; fileRef = 877665C219ACEA0C000DFFF1 /* PUBThumbnailGridViewCell.m */; };
		877665CA19ACEC19000DFFF1 /* UIColor+PUBDesign.m in Sources */ = {isa = PBXBuildFile; fileRef = 877665C919ACEC19000DFFF1 /* UIColor+PUBDesign.m */; };
		877665CD19ACEC26000DFFF1 /* UIImage+PUBTinting.m in Sources */ = {isa = PBXBuildFile; fileRef = 877665CC19ACEC26000DFFF1 /* UIImage+PUBTinting.m */; };
		877665D019ACEC68000DFFF1 /* PUBLinkAnnotationView.m in Sources */ = {isa = PBXBuildFile; fileRef = 877665CF19ACEC68000DFFF1 /* PUBLinkAnnotationView.m */; };
		877665D319ACEC7B000DFFF1 /* PUBProgressView.m in Sources */ = {isa = PBXBuildFile; fileRef = 877665D219ACEC7B000DFFF1 /* PUBProgressView.m */; };
		877665D619ACEC84000DFFF1 /* PUBCenteredScrollView.m in Sources */ = {isa = PBXBuildFile; fileRef = 877665D519ACEC84000DFFF1 /* PUBCenteredScrollView.m */; };
		877665D919ACEC8E000DFFF1 /* PUBDownloadButton.m in Sources */ = {isa = PBXBuildFile; fileRef = 877665D819ACEC8E000DFFF1 /* PUBDownloadButton.m */; };
		877665DC19ACEC96000DFFF1 /* PUBContentInsetCenteredScrollView.m in Sources */ = {isa = PBXBuildFile; fileRef = 877665DB19ACEC96000DFFF1 /* PUBContentInsetCenteredScrollView.m */; };
		877665DF19ACEC9E000DFFF1 /* PUBCellView.m in Sources */ = {isa = PBXBuildFile; fileRef = 877665DE19ACEC9E000DFFF1 /* PUBCellView.m */; };
		877665E219ACECA6000DFFF1 /* PUBCellView+Document.m in Sources */ = {isa = PBXBuildFile; fileRef = 877665E119ACECA6000DFFF1 /* PUBCellView+Document.m */; };
		877665E519ACECAE000DFFF1 /* PUBPreviewCell.m in Sources */ = {isa = PBXBuildFile; fileRef = 877665E419ACECAE000DFFF1 /* PUBPreviewCell.m */; };
		877665E919ACECDE000DFFF1 /* PUBBadgeView.m in Sources */ = {isa = PBXBuildFile; fileRef = 877665E819ACECDE000DFFF1 /* PUBBadgeView.m */; };
		877665EC19ACECEA000DFFF1 /* PUBNamedBadgeView.m in Sources */ = {isa = PBXBuildFile; fileRef = 877665EB19ACECEA000DFFF1 /* PUBNamedBadgeView.m */; };
		877665F219ACED0A000DFFF1 /* PUBBaseTransition.m in Sources */ = {isa = PBXBuildFile; fileRef = 877665F119ACED0A000DFFF1 /* PUBBaseTransition.m */; };
		877665F519ACED17000DFFF1 /* PUBScaleTransition.m in Sources */ = {isa = PBXBuildFile; fileRef = 877665F419ACED17000DFFF1 /* PUBScaleTransition.m */; };
		877665F819ACED26000DFFF1 /* PUBKioskViewController.m in Sources */ = {isa = PBXBuildFile; fileRef = 877665F719ACED26000DFFF1 /* PUBKioskViewController.m */; };
		877665FB19ACED3D000DFFF1 /* PUBParentPreviewViewController.m in Sources */ = {isa = PBXBuildFile; fileRef = 877665FA19ACED3D000DFFF1 /* PUBParentPreviewViewController.m */; };
		877665FE19ACED47000DFFF1 /* PUBiPhonePreviewViewController.m in Sources */ = {isa = PBXBuildFile; fileRef = 877665FD19ACED47000DFFF1 /* PUBiPhonePreviewViewController.m */; };
		8776660119ACED51000DFFF1 /* PUBPreviewViewController.m in Sources */ = {isa = PBXBuildFile; fileRef = 8776660019ACED51000DFFF1 /* PUBPreviewViewController.m */; };
		8776660419ACED5B000DFFF1 /* PUBPagePreviewViewController.m in Sources */ = {isa = PBXBuildFile; fileRef = 8776660319ACED5B000DFFF1 /* PUBPagePreviewViewController.m */; };
		8776660719ACED64000DFFF1 /* PUBThumbnailImageCache.m in Sources */ = {isa = PBXBuildFile; fileRef = 8776660619ACED64000DFFF1 /* PUBThumbnailImageCache.m */; };
		8776660A19ACED71000DFFF1 /* PUBStatisticsManager.m in Sources */ = {isa = PBXBuildFile; fileRef = 8776660919ACED71000DFFF1 /* PUBStatisticsManager.m */; };
		8776661119ACED83000DFFF1 /* PUBCoreDataStack.m in Sources */ = {isa = PBXBuildFile; fileRef = 8776660C19ACED83000DFFF1 /* PUBCoreDataStack.m */; };
		8776661219ACED83000DFFF1 /* PUBDocument.m in Sources */ = {isa = PBXBuildFile; fileRef = 8776660E19ACED83000DFFF1 /* PUBDocument.m */; };
		8776661319ACED83000DFFF1 /* PUBDocument+Helper.m in Sources */ = {isa = PBXBuildFile; fileRef = 8776661019ACED83000DFFF1 /* PUBDocument+Helper.m */; };
		8776661A19ACED98000DFFF1 /* PUBCommunication.m in Sources */ = {isa = PBXBuildFile; fileRef = 8776661519ACED98000DFFF1 /* PUBCommunication.m */; };
		8776661B19ACED98000DFFF1 /* PUBDocumentFetcher.m in Sources */ = {isa = PBXBuildFile; fileRef = 8776661719ACED98000DFFF1 /* PUBDocumentFetcher.m */; };
		8776661C19ACED98000DFFF1 /* PUBHTTPRequestManager.m in Sources */ = {isa = PBXBuildFile; fileRef = 8776661919ACED98000DFFF1 /* PUBHTTPRequestManager.m */; };
		8776662219ACEDBE000DFFF1 /* PUBConstants.m in Sources */ = {isa = PBXBuildFile; fileRef = 8776661E19ACEDBE000DFFF1 /* PUBConstants.m */; };
		8776662319ACEDBE000DFFF1 /* Publiss.m in Sources */ = {isa = PBXBuildFile; fileRef = 8776662019ACEDBE000DFFF1 /* Publiss.m */; };
		8776662919ADAFC8000DFFF1 /* PUBPreviewViewControlleriPhone.storyboard in Resources */ = {isa = PBXBuildFile; fileRef = 8776662719ADAFC8000DFFF1 /* PUBPreviewViewControlleriPhone.storyboard */; };
		8776662A19ADAFC8000DFFF1 /* PUBKiosk.storyboard in Resources */ = {isa = PBXBuildFile; fileRef = 8776662819ADAFC8000DFFF1 /* PUBKiosk.storyboard */; };
		8776662E19ADB05E000DFFF1 /* PreviewCell.xib in Resources */ = {isa = PBXBuildFile; fileRef = 8776662C19ADB05E000DFFF1 /* PreviewCell.xib */; };
		8776662F19ADB05E000DFFF1 /* PUBPreviewViewController.xib in Resources */ = {isa = PBXBuildFile; fileRef = 8776662D19ADB05E000DFFF1 /* PUBPreviewViewController.xib */; };
		877666AB19AF6DD0000DFFF1 /* Publiss.bundle in Resources */ = {isa = PBXBuildFile; fileRef = 877666AA19AF6DD0000DFFF1 /* Publiss.bundle */; };
		8784A72D18F578C6001DB322 /* PUBURLFactoryTest.m in Sources */ = {isa = PBXBuildFile; fileRef = 8784A72C18F578C6001DB322 /* PUBURLFactoryTest.m */; };
		87ACA1A819F7EC520075364D /* PUBMenuItemManager.m in Sources */ = {isa = PBXBuildFile; fileRef = 87ACA1A719F7EC520075364D /* PUBMenuItemManager.m */; };
		87B1962919DD75EC0060353B /* Publiss.podspec in Resources */ = {isa = PBXBuildFile; fileRef = 87B1962819DD75EC0060353B /* Publiss.podspec */; };
		87C655891A0B7C2B0092218F /* PUBFooterReusableView.m in Sources */ = {isa = PBXBuildFile; fileRef = 87C655881A0B7C2B0092218F /* PUBFooterReusableView.m */; };
		87D9204119F69DAD0016872B /* PUBMainViewController.m in Sources */ = {isa = PBXBuildFile; fileRef = 87D9204019F69DAD0016872B /* PUBMainViewController.m */; };
		87D9204419F6A1E70016872B /* PUBMenuItem.m in Sources */ = {isa = PBXBuildFile; fileRef = 87D9204319F6A1E70016872B /* PUBMenuItem.m */; };
		87D9204719F798210016872B /* PUBMenuTableViewCell.m in Sources */ = {isa = PBXBuildFile; fileRef = 87D9204619F798210016872B /* PUBMenuTableViewCell.m */; };
		87F1294519E2850300A082E2 /* PUBNavigationViewController.m in Sources */ = {isa = PBXBuildFile; fileRef = 87F1294419E2850300A082E2 /* PUBNavigationViewController.m */; };
		87FE33FF19F6526C00BED33B /* PUBMenuViewController.m in Sources */ = {isa = PBXBuildFile; fileRef = 87FE33FE19F6526C00BED33B /* PUBMenuViewController.m */; };
		87FE340119F656AB00BED33B /* PUBMenu.storyboard in Resources */ = {isa = PBXBuildFile; fileRef = 87FE340019F656AB00BED33B /* PUBMenu.storyboard */; };
		EB07BD7ACAD44CFFA2E7A71C /* libPods.a in Frameworks */ = {isa = PBXBuildFile; fileRef = A7EC5682127449A88DBB3A62 /* libPods.a */; };
		EFB9DB5618508F8A008CEBDE /* CoreTelephony.framework in Frameworks */ = {isa = PBXBuildFile; fileRef = EFB9DB5518508F8A008CEBDE /* CoreTelephony.framework */; };
		EFBA434318E07FAA00BC738B /* StoreKit.framework in Frameworks */ = {isa = PBXBuildFile; fileRef = EFBA434218E07FAA00BC738B /* StoreKit.framework */; };
		EFC288A718A0ED6700D74A1C /* SystemConfiguration.framework in Frameworks */ = {isa = PBXBuildFile; fileRef = EFC288A618A0ED6700D74A1C /* SystemConfiguration.framework */; };
/* End PBXBuildFile section */

/* Begin PBXContainerItemProxy section */
		870110FC180FCF140034B9AC /* PBXContainerItemProxy */ = {
			isa = PBXContainerItemProxy;
			containerPortal = 870110CE180FCF140034B9AC /* Project object */;
			proxyType = 1;
			remoteGlobalIDString = 870110D5180FCF140034B9AC;
			remoteInfo = Publiss;
		};
/* End PBXContainerItemProxy section */

/* Begin PBXFileReference section */
		37B57E9919ECFC76000B893A /* PublissCore.framework */ = {isa = PBXFileReference; lastKnownFileType = wrapper.framework; path = PublissCore.framework; sourceTree = "<group>"; };
		37B57E9C19ECFE3E000B893A /* Publiss_2.1.0.xcdatamodel */ = {isa = PBXFileReference; lastKnownFileType = wrapper.xcdatamodel; path = Publiss_2.1.0.xcdatamodel; sourceTree = "<group>"; };
		37F2F9A019ED6196003E344D /* PUBKioskLayout.h */ = {isa = PBXFileReference; fileEncoding = 4; lastKnownFileType = sourcecode.c.h; name = PUBKioskLayout.h; path = Classes/PUBKioskLayout.h; sourceTree = "<group>"; };
		37F2F9A119ED6196003E344D /* PUBKioskLayout.m */ = {isa = PBXFileReference; fileEncoding = 4; lastKnownFileType = sourcecode.c.objc; name = PUBKioskLayout.m; path = Classes/PUBKioskLayout.m; sourceTree = "<group>"; };
		37F2F9A319ED6E9D003E344D /* PUBImageReusableView.h */ = {isa = PBXFileReference; fileEncoding = 4; lastKnownFileType = sourcecode.c.h; name = PUBImageReusableView.h; path = Classes/PUBImageReusableView.h; sourceTree = "<group>"; };
		37F2F9A419ED6E9D003E344D /* PUBImageReusableView.m */ = {isa = PBXFileReference; fileEncoding = 4; lastKnownFileType = sourcecode.c.objc; name = PUBImageReusableView.m; path = Classes/PUBImageReusableView.m; sourceTree = "<group>"; };
		37F2F9A919EE5E80003E344D /* PUBHeaderReusableView.h */ = {isa = PBXFileReference; fileEncoding = 4; lastKnownFileType = sourcecode.c.h; name = PUBHeaderReusableView.h; path = Classes/PUBHeaderReusableView.h; sourceTree = "<group>"; };
		37F2F9AA19EE5E80003E344D /* PUBHeaderReusableView.m */ = {isa = PBXFileReference; fileEncoding = 4; lastKnownFileType = sourcecode.c.objc; name = PUBHeaderReusableView.m; path = Classes/PUBHeaderReusableView.m; sourceTree = "<group>"; };
		37F2F9AF19EE5F73003E344D /* PUBHeaderReusableView+Documents.h */ = {isa = PBXFileReference; fileEncoding = 4; lastKnownFileType = sourcecode.c.h; name = "PUBHeaderReusableView+Documents.h"; path = "Classes/PUBHeaderReusableView+Documents.h"; sourceTree = "<group>"; };
		37F2F9B019EE5F73003E344D /* PUBHeaderReusableView+Documents.m */ = {isa = PBXFileReference; fileEncoding = 4; lastKnownFileType = sourcecode.c.objc; name = "PUBHeaderReusableView+Documents.m"; path = "Classes/PUBHeaderReusableView+Documents.m"; sourceTree = "<group>"; };
		37F2F9B219F11037003E344D /* PUBFadeTransition.h */ = {isa = PBXFileReference; fileEncoding = 4; lastKnownFileType = sourcecode.c.h; name = PUBFadeTransition.h; path = Classes/PUBFadeTransition.h; sourceTree = "<group>"; };
		37F2F9B319F11037003E344D /* PUBFadeTransition.m */ = {isa = PBXFileReference; fileEncoding = 4; lastKnownFileType = sourcecode.c.objc; name = PUBFadeTransition.m; path = Classes/PUBFadeTransition.m; sourceTree = "<group>"; };
		37F2F9B519F11CF6003E344D /* PUBTransitioningDelegate.h */ = {isa = PBXFileReference; fileEncoding = 4; lastKnownFileType = sourcecode.c.h; name = PUBTransitioningDelegate.h; path = Classes/PUBTransitioningDelegate.h; sourceTree = "<group>"; };
		37F2F9B619F11CF6003E344D /* PUBTransitioningDelegate.m */ = {isa = PBXFileReference; fileEncoding = 4; lastKnownFileType = sourcecode.c.objc; name = PUBTransitioningDelegate.m; path = Classes/PUBTransitioningDelegate.m; sourceTree = "<group>"; };
		37F2F9B819F13004003E344D /* PUBDimmView.h */ = {isa = PBXFileReference; fileEncoding = 4; lastKnownFileType = sourcecode.c.h; name = PUBDimmView.h; path = Classes/PUBDimmView.h; sourceTree = "<group>"; };
		37F2F9B919F13004003E344D /* PUBDimmView.m */ = {isa = PBXFileReference; fileEncoding = 4; lastKnownFileType = sourcecode.c.objc; name = PUBDimmView.m; path = Classes/PUBDimmView.m; sourceTree = "<group>"; };
		37F2F9BB19F137C4003E344D /* PUBDocumentTransition.h */ = {isa = PBXFileReference; fileEncoding = 4; lastKnownFileType = sourcecode.c.h; name = PUBDocumentTransition.h; path = Classes/PUBDocumentTransition.h; sourceTree = "<group>"; };
		37F2F9BC19F137C4003E344D /* PUBDocumentTransition.m */ = {isa = PBXFileReference; fileEncoding = 4; lastKnownFileType = sourcecode.c.objc; name = PUBDocumentTransition.m; path = Classes/PUBDocumentTransition.m; sourceTree = "<group>"; };
		462072B4D22FBED0967E830D /* Pods.debug.xcconfig */ = {isa = PBXFileReference; includeInIndex = 1; lastKnownFileType = text.xcconfig; name = Pods.debug.xcconfig; path = "Pods/Target Support Files/Pods/Pods.debug.xcconfig"; sourceTree = "<group>"; };
		7864703618A532030005B3B1 /* Publiss.xcdatamodel */ = {isa = PBXFileReference; lastKnownFileType = wrapper.xcdatamodel; path = Publiss.xcdatamodel; sourceTree = "<group>"; };
		7864703718A532030005B3B1 /* Publiss_1.01.xcdatamodel */ = {isa = PBXFileReference; lastKnownFileType = wrapper.xcdatamodel; path = Publiss_1.01.xcdatamodel; sourceTree = "<group>"; };
		7864703818A532030005B3B1 /* Publiss_1.02.xcdatamodel */ = {isa = PBXFileReference; lastKnownFileType = wrapper.xcdatamodel; path = Publiss_1.02.xcdatamodel; sourceTree = "<group>"; };
		8110780B18112E2000281106 /* AudioToolbox.framework */ = {isa = PBXFileReference; lastKnownFileType = wrapper.framework; name = AudioToolbox.framework; path = System/Library/Frameworks/AudioToolbox.framework; sourceTree = SDKROOT; };
		8110780D18112E4100281106 /* CoreAudio.framework */ = {isa = PBXFileReference; lastKnownFileType = wrapper.framework; name = CoreAudio.framework; path = System/Library/Frameworks/CoreAudio.framework; sourceTree = SDKROOT; };
		8110780F18112E5200281106 /* CoreImage.framework */ = {isa = PBXFileReference; lastKnownFileType = wrapper.framework; name = CoreImage.framework; path = System/Library/Frameworks/CoreImage.framework; sourceTree = SDKROOT; };
		8110781118112E5C00281106 /* MediaPlayer.framework */ = {isa = PBXFileReference; lastKnownFileType = wrapper.framework; name = MediaPlayer.framework; path = System/Library/Frameworks/MediaPlayer.framework; sourceTree = SDKROOT; };
		8110781318112E6800281106 /* QuartzCore.framework */ = {isa = PBXFileReference; lastKnownFileType = wrapper.framework; name = QuartzCore.framework; path = System/Library/Frameworks/QuartzCore.framework; sourceTree = SDKROOT; };
		8110781518112E7900281106 /* CoreText.framework */ = {isa = PBXFileReference; lastKnownFileType = wrapper.framework; name = CoreText.framework; path = System/Library/Frameworks/CoreText.framework; sourceTree = SDKROOT; };
		8110781718112E8200281106 /* ImageIO.framework */ = {isa = PBXFileReference; lastKnownFileType = wrapper.framework; name = ImageIO.framework; path = System/Library/Frameworks/ImageIO.framework; sourceTree = SDKROOT; };
		8110781B18112FA800281106 /* MessageUI.framework */ = {isa = PBXFileReference; lastKnownFileType = wrapper.framework; name = MessageUI.framework; path = System/Library/Frameworks/MessageUI.framework; sourceTree = SDKROOT; };
		8110781D18112FBB00281106 /* libz.1.2.5.dylib */ = {isa = PBXFileReference; lastKnownFileType = "compiled.mach-o.dylib"; name = libz.1.2.5.dylib; path = usr/lib/libz.1.2.5.dylib; sourceTree = SDKROOT; };
		8110781F18112FCE00281106 /* CoreMedia.framework */ = {isa = PBXFileReference; lastKnownFileType = wrapper.framework; name = CoreMedia.framework; path = System/Library/Frameworks/CoreMedia.framework; sourceTree = SDKROOT; };
		8110782118112FDB00281106 /* CFNetwork.framework */ = {isa = PBXFileReference; lastKnownFileType = wrapper.framework; name = CFNetwork.framework; path = System/Library/Frameworks/CFNetwork.framework; sourceTree = SDKROOT; };
		8110782318112FE400281106 /* AVFoundation.framework */ = {isa = PBXFileReference; lastKnownFileType = wrapper.framework; name = AVFoundation.framework; path = System/Library/Frameworks/AVFoundation.framework; sourceTree = SDKROOT; };
		8110782518112FF900281106 /* AssetsLibrary.framework */ = {isa = PBXFileReference; lastKnownFileType = wrapper.framework; name = AssetsLibrary.framework; path = System/Library/Frameworks/AssetsLibrary.framework; sourceTree = SDKROOT; };
		811078271811300000281106 /* Security.framework */ = {isa = PBXFileReference; lastKnownFileType = wrapper.framework; name = Security.framework; path = System/Library/Frameworks/Security.framework; sourceTree = SDKROOT; };
		811078291811300900281106 /* QuickLook.framework */ = {isa = PBXFileReference; lastKnownFileType = wrapper.framework; name = QuickLook.framework; path = System/Library/Frameworks/QuickLook.framework; sourceTree = SDKROOT; };
		8110782B1811301900281106 /* libsqlite3.dylib */ = {isa = PBXFileReference; lastKnownFileType = "compiled.mach-o.dylib"; name = libsqlite3.dylib; path = usr/lib/libsqlite3.dylib; sourceTree = SDKROOT; };
		8110782D1811301F00281106 /* libxml2.2.dylib */ = {isa = PBXFileReference; lastKnownFileType = "compiled.mach-o.dylib"; name = libxml2.2.dylib; path = usr/lib/libxml2.2.dylib; sourceTree = SDKROOT; };
		870110D6180FCF140034B9AC /* Publiss.app */ = {isa = PBXFileReference; explicitFileType = wrapper.application; includeInIndex = 0; path = Publiss.app; sourceTree = BUILT_PRODUCTS_DIR; };
		870110D9180FCF140034B9AC /* Foundation.framework */ = {isa = PBXFileReference; lastKnownFileType = wrapper.framework; name = Foundation.framework; path = System/Library/Frameworks/Foundation.framework; sourceTree = SDKROOT; };
		870110DB180FCF140034B9AC /* CoreGraphics.framework */ = {isa = PBXFileReference; lastKnownFileType = wrapper.framework; name = CoreGraphics.framework; path = System/Library/Frameworks/CoreGraphics.framework; sourceTree = SDKROOT; };
		870110DD180FCF140034B9AC /* UIKit.framework */ = {isa = PBXFileReference; lastKnownFileType = wrapper.framework; name = UIKit.framework; path = System/Library/Frameworks/UIKit.framework; sourceTree = SDKROOT; };
		870110DF180FCF140034B9AC /* CoreData.framework */ = {isa = PBXFileReference; lastKnownFileType = wrapper.framework; name = CoreData.framework; path = System/Library/Frameworks/CoreData.framework; sourceTree = SDKROOT; };
		870110E3180FCF140034B9AC /* Publiss-Info.plist */ = {isa = PBXFileReference; lastKnownFileType = text.plist.xml; path = "Publiss-Info.plist"; sourceTree = "<group>"; };
		870110E7180FCF140034B9AC /* main.m */ = {isa = PBXFileReference; lastKnownFileType = sourcecode.c.objc; path = main.m; sourceTree = "<group>"; };
		870110E9180FCF140034B9AC /* Publiss-Prefix.pch */ = {isa = PBXFileReference; lastKnownFileType = sourcecode.c.h; path = "Publiss-Prefix.pch"; sourceTree = "<group>"; };
		870110EA180FCF140034B9AC /* PUBAppDelegate.h */ = {isa = PBXFileReference; lastKnownFileType = sourcecode.c.h; path = PUBAppDelegate.h; sourceTree = "<group>"; };
		870110EB180FCF140034B9AC /* PUBAppDelegate.m */ = {isa = PBXFileReference; lastKnownFileType = sourcecode.c.objc; path = PUBAppDelegate.m; sourceTree = "<group>"; };
		870110F0180FCF140034B9AC /* Images.xcassets */ = {isa = PBXFileReference; lastKnownFileType = folder.assetcatalog; name = Images.xcassets; path = Publiss/Images.xcassets; sourceTree = "<group>"; };
		870110F6180FCF140034B9AC /* PublissTests.xctest */ = {isa = PBXFileReference; explicitFileType = wrapper.cfbundle; includeInIndex = 0; path = PublissTests.xctest; sourceTree = BUILT_PRODUCTS_DIR; };
		870110F7180FCF140034B9AC /* XCTest.framework */ = {isa = PBXFileReference; lastKnownFileType = wrapper.framework; name = XCTest.framework; path = Library/Frameworks/XCTest.framework; sourceTree = DEVELOPER_DIR; };
		87011100180FCF140034B9AC /* PublissTests-Info.plist */ = {isa = PBXFileReference; lastKnownFileType = text.plist.xml; path = "PublissTests-Info.plist"; sourceTree = "<group>"; };
		87011104180FCF140034B9AC /* PublissTests.m */ = {isa = PBXFileReference; lastKnownFileType = sourcecode.c.objc; path = PublissTests.m; sourceTree = "<group>"; };
		8749896F19B06313006ABCA3 /* en */ = {isa = PBXFileReference; lastKnownFileType = text.plist.strings; name = en; path = en.lproj/InfoPlist.strings; sourceTree = "<group>"; };
		8749898419B07668006ABCA3 /* en */ = {isa = PBXFileReference; lastKnownFileType = text.plist.strings; name = en; path = en.lproj/Localizable.strings; sourceTree = "<group>"; };
		8749898619B0766A006ABCA3 /* de */ = {isa = PBXFileReference; lastKnownFileType = text.plist.strings; name = de; path = de.lproj/Localizable.strings; sourceTree = "<group>"; };
		8773EC0C1A31F10D00D2A4CF /* PUBUserLogin.storyboard */ = {isa = PBXFileReference; fileEncoding = 4; lastKnownFileType = file.storyboard; name = PUBUserLogin.storyboard; path = Views/PUBUserLogin.storyboard; sourceTree = "<group>"; };
		8773EC0E1A31F3F000D2A4CF /* PUBUserLoginViewController.h */ = {isa = PBXFileReference; fileEncoding = 4; lastKnownFileType = sourcecode.c.h; name = PUBUserLoginViewController.h; path = Classes/PUBUserLoginViewController.h; sourceTree = "<group>"; };
		8773EC0F1A31F3F000D2A4CF /* PUBUserLoginViewController.m */ = {isa = PBXFileReference; fileEncoding = 4; lastKnownFileType = sourcecode.c.objc; name = PUBUserLoginViewController.m; path = Classes/PUBUserLoginViewController.m; sourceTree = "<group>"; };
		8773EC141A31F8E000D2A4CF /* UIImage+ImageEffects.h */ = {isa = PBXFileReference; fileEncoding = 4; lastKnownFileType = sourcecode.c.h; name = "UIImage+ImageEffects.h"; path = "Classes/UIImage+ImageEffects.h"; sourceTree = "<group>"; };
		8773EC151A31F8E000D2A4CF /* UIImage+ImageEffects.m */ = {isa = PBXFileReference; fileEncoding = 4; lastKnownFileType = sourcecode.c.objc; name = "UIImage+ImageEffects.m"; path = "Classes/UIImage+ImageEffects.m"; sourceTree = "<group>"; };
		877665B219ACEA06000DFFF1 /* IAPController.h */ = {isa = PBXFileReference; fileEncoding = 4; lastKnownFileType = sourcecode.c.h; path = IAPController.h; sourceTree = "<group>"; };
		877665B319ACEA06000DFFF1 /* IAPController.m */ = {isa = PBXFileReference; fileEncoding = 4; lastKnownFileType = sourcecode.c.objc; path = IAPController.m; sourceTree = "<group>"; };
		877665B419ACEA06000DFFF1 /* IAPManager.h */ = {isa = PBXFileReference; fileEncoding = 4; lastKnownFileType = sourcecode.c.h; path = IAPManager.h; sourceTree = "<group>"; };
		877665B519ACEA06000DFFF1 /* IAPManager.m */ = {isa = PBXFileReference; fileEncoding = 4; lastKnownFileType = sourcecode.c.objc; path = IAPManager.m; sourceTree = "<group>"; };
		877665BA19ACEA0C000DFFF1 /* PUBPageView.m */ = {isa = PBXFileReference; fileEncoding = 4; lastKnownFileType = sourcecode.c.objc; path = PUBPageView.m; sourceTree = "<group>"; };
		877665BB19ACEA0C000DFFF1 /* PUBPDFDocument.h */ = {isa = PBXFileReference; fileEncoding = 4; lastKnownFileType = sourcecode.c.h; path = PUBPDFDocument.h; sourceTree = "<group>"; };
		877665BC19ACEA0C000DFFF1 /* PUBPDFDocument.m */ = {isa = PBXFileReference; fileEncoding = 4; lastKnownFileType = sourcecode.c.objc; path = PUBPDFDocument.m; sourceTree = "<group>"; };
		877665BD19ACEA0C000DFFF1 /* PUBPDFViewController.h */ = {isa = PBXFileReference; fileEncoding = 4; lastKnownFileType = sourcecode.c.h; path = PUBPDFViewController.h; sourceTree = "<group>"; };
		877665BE19ACEA0C000DFFF1 /* PUBPDFViewController.m */ = {isa = PBXFileReference; fileEncoding = 4; lastKnownFileType = sourcecode.c.objc; path = PUBPDFViewController.m; sourceTree = "<group>"; };
		877665BF19ACEA0C000DFFF1 /* PUBSearchViewController.h */ = {isa = PBXFileReference; fileEncoding = 4; lastKnownFileType = sourcecode.c.h; path = PUBSearchViewController.h; sourceTree = "<group>"; };
		877665C019ACEA0C000DFFF1 /* PUBSearchViewController.m */ = {isa = PBXFileReference; fileEncoding = 4; lastKnownFileType = sourcecode.c.objc; path = PUBSearchViewController.m; sourceTree = "<group>"; };
		877665C119ACEA0C000DFFF1 /* PUBThumbnailGridViewCell.h */ = {isa = PBXFileReference; fileEncoding = 4; lastKnownFileType = sourcecode.c.h; path = PUBThumbnailGridViewCell.h; sourceTree = "<group>"; };
		877665C219ACEA0C000DFFF1 /* PUBThumbnailGridViewCell.m */ = {isa = PBXFileReference; fileEncoding = 4; lastKnownFileType = sourcecode.c.objc; path = PUBThumbnailGridViewCell.m; sourceTree = "<group>"; };
		877665C819ACEC19000DFFF1 /* UIColor+PUBDesign.h */ = {isa = PBXFileReference; fileEncoding = 4; lastKnownFileType = sourcecode.c.h; name = "UIColor+PUBDesign.h"; path = "Classes/UIColor+PUBDesign.h"; sourceTree = "<group>"; };
		877665C919ACEC19000DFFF1 /* UIColor+PUBDesign.m */ = {isa = PBXFileReference; fileEncoding = 4; lastKnownFileType = sourcecode.c.objc; name = "UIColor+PUBDesign.m"; path = "Classes/UIColor+PUBDesign.m"; sourceTree = "<group>"; };
		877665CB19ACEC26000DFFF1 /* UIImage+PUBTinting.h */ = {isa = PBXFileReference; fileEncoding = 4; lastKnownFileType = sourcecode.c.h; name = "UIImage+PUBTinting.h"; path = "Classes/UIImage+PUBTinting.h"; sourceTree = "<group>"; };
		877665CC19ACEC26000DFFF1 /* UIImage+PUBTinting.m */ = {isa = PBXFileReference; fileEncoding = 4; lastKnownFileType = sourcecode.c.objc; name = "UIImage+PUBTinting.m"; path = "Classes/UIImage+PUBTinting.m"; sourceTree = "<group>"; };
		877665CE19ACEC68000DFFF1 /* PUBLinkAnnotationView.h */ = {isa = PBXFileReference; fileEncoding = 4; lastKnownFileType = sourcecode.c.h; path = PUBLinkAnnotationView.h; sourceTree = "<group>"; };
		877665CF19ACEC68000DFFF1 /* PUBLinkAnnotationView.m */ = {isa = PBXFileReference; fileEncoding = 4; lastKnownFileType = sourcecode.c.objc; path = PUBLinkAnnotationView.m; sourceTree = "<group>"; };
		877665D119ACEC7B000DFFF1 /* PUBProgressView.h */ = {isa = PBXFileReference; fileEncoding = 4; lastKnownFileType = sourcecode.c.h; name = PUBProgressView.h; path = Classes/PUBProgressView.h; sourceTree = "<group>"; };
		877665D219ACEC7B000DFFF1 /* PUBProgressView.m */ = {isa = PBXFileReference; fileEncoding = 4; lastKnownFileType = sourcecode.c.objc; name = PUBProgressView.m; path = Classes/PUBProgressView.m; sourceTree = "<group>"; };
		877665D419ACEC84000DFFF1 /* PUBCenteredScrollView.h */ = {isa = PBXFileReference; fileEncoding = 4; lastKnownFileType = sourcecode.c.h; name = PUBCenteredScrollView.h; path = Classes/PUBCenteredScrollView.h; sourceTree = "<group>"; };
		877665D519ACEC84000DFFF1 /* PUBCenteredScrollView.m */ = {isa = PBXFileReference; fileEncoding = 4; lastKnownFileType = sourcecode.c.objc; name = PUBCenteredScrollView.m; path = Classes/PUBCenteredScrollView.m; sourceTree = "<group>"; };
		877665D719ACEC8E000DFFF1 /* PUBDownloadButton.h */ = {isa = PBXFileReference; fileEncoding = 4; lastKnownFileType = sourcecode.c.h; name = PUBDownloadButton.h; path = Classes/PUBDownloadButton.h; sourceTree = "<group>"; };
		877665D819ACEC8E000DFFF1 /* PUBDownloadButton.m */ = {isa = PBXFileReference; fileEncoding = 4; lastKnownFileType = sourcecode.c.objc; name = PUBDownloadButton.m; path = Classes/PUBDownloadButton.m; sourceTree = "<group>"; };
		877665DA19ACEC96000DFFF1 /* PUBContentInsetCenteredScrollView.h */ = {isa = PBXFileReference; fileEncoding = 4; lastKnownFileType = sourcecode.c.h; name = PUBContentInsetCenteredScrollView.h; path = Classes/PUBContentInsetCenteredScrollView.h; sourceTree = "<group>"; };
		877665DB19ACEC96000DFFF1 /* PUBContentInsetCenteredScrollView.m */ = {isa = PBXFileReference; fileEncoding = 4; lastKnownFileType = sourcecode.c.objc; name = PUBContentInsetCenteredScrollView.m; path = Classes/PUBContentInsetCenteredScrollView.m; sourceTree = "<group>"; };
		877665DD19ACEC9E000DFFF1 /* PUBCellView.h */ = {isa = PBXFileReference; fileEncoding = 4; lastKnownFileType = sourcecode.c.h; name = PUBCellView.h; path = Classes/PUBCellView.h; sourceTree = "<group>"; };
		877665DE19ACEC9E000DFFF1 /* PUBCellView.m */ = {isa = PBXFileReference; fileEncoding = 4; lastKnownFileType = sourcecode.c.objc; name = PUBCellView.m; path = Classes/PUBCellView.m; sourceTree = "<group>"; };
		877665E019ACECA6000DFFF1 /* PUBCellView+Document.h */ = {isa = PBXFileReference; fileEncoding = 4; lastKnownFileType = sourcecode.c.h; name = "PUBCellView+Document.h"; path = "Classes/PUBCellView+Document.h"; sourceTree = "<group>"; };
		877665E119ACECA6000DFFF1 /* PUBCellView+Document.m */ = {isa = PBXFileReference; fileEncoding = 4; lastKnownFileType = sourcecode.c.objc; name = "PUBCellView+Document.m"; path = "Classes/PUBCellView+Document.m"; sourceTree = "<group>"; };
		877665E319ACECAE000DFFF1 /* PUBPreviewCell.h */ = {isa = PBXFileReference; fileEncoding = 4; lastKnownFileType = sourcecode.c.h; name = PUBPreviewCell.h; path = Classes/PUBPreviewCell.h; sourceTree = "<group>"; };
		877665E419ACECAE000DFFF1 /* PUBPreviewCell.m */ = {isa = PBXFileReference; fileEncoding = 4; lastKnownFileType = sourcecode.c.objc; name = PUBPreviewCell.m; path = Classes/PUBPreviewCell.m; sourceTree = "<group>"; };
		877665E619ACECC2000DFFF1 /* PUBCoverImageCell.h */ = {isa = PBXFileReference; lastKnownFileType = sourcecode.c.h; name = PUBCoverImageCell.h; path = Classes/PUBCoverImageCell.h; sourceTree = "<group>"; };
		877665E719ACECDE000DFFF1 /* PUBBadgeView.h */ = {isa = PBXFileReference; fileEncoding = 4; lastKnownFileType = sourcecode.c.h; name = PUBBadgeView.h; path = Classes/PUBBadgeView.h; sourceTree = "<group>"; };
		877665E819ACECDE000DFFF1 /* PUBBadgeView.m */ = {isa = PBXFileReference; fileEncoding = 4; lastKnownFileType = sourcecode.c.objc; name = PUBBadgeView.m; path = Classes/PUBBadgeView.m; sourceTree = "<group>"; };
		877665EA19ACECEA000DFFF1 /* PUBNamedBadgeView.h */ = {isa = PBXFileReference; fileEncoding = 4; lastKnownFileType = sourcecode.c.h; name = PUBNamedBadgeView.h; path = Classes/PUBNamedBadgeView.h; sourceTree = "<group>"; };
		877665EB19ACECEA000DFFF1 /* PUBNamedBadgeView.m */ = {isa = PBXFileReference; fileEncoding = 4; lastKnownFileType = sourcecode.c.objc; name = PUBNamedBadgeView.m; path = Classes/PUBNamedBadgeView.m; sourceTree = "<group>"; };
		877665F019ACED0A000DFFF1 /* PUBBaseTransition.h */ = {isa = PBXFileReference; fileEncoding = 4; lastKnownFileType = sourcecode.c.h; name = PUBBaseTransition.h; path = Classes/PUBBaseTransition.h; sourceTree = "<group>"; };
		877665F119ACED0A000DFFF1 /* PUBBaseTransition.m */ = {isa = PBXFileReference; fileEncoding = 4; lastKnownFileType = sourcecode.c.objc; name = PUBBaseTransition.m; path = Classes/PUBBaseTransition.m; sourceTree = "<group>"; };
		877665F319ACED17000DFFF1 /* PUBScaleTransition.h */ = {isa = PBXFileReference; fileEncoding = 4; lastKnownFileType = sourcecode.c.h; name = PUBScaleTransition.h; path = Classes/PUBScaleTransition.h; sourceTree = "<group>"; };
		877665F419ACED17000DFFF1 /* PUBScaleTransition.m */ = {isa = PBXFileReference; fileEncoding = 4; lastKnownFileType = sourcecode.c.objc; name = PUBScaleTransition.m; path = Classes/PUBScaleTransition.m; sourceTree = "<group>"; };
		877665F619ACED26000DFFF1 /* PUBKioskViewController.h */ = {isa = PBXFileReference; fileEncoding = 4; lastKnownFileType = sourcecode.c.h; name = PUBKioskViewController.h; path = Classes/PUBKioskViewController.h; sourceTree = "<group>"; };
		877665F719ACED26000DFFF1 /* PUBKioskViewController.m */ = {isa = PBXFileReference; fileEncoding = 4; lastKnownFileType = sourcecode.c.objc; name = PUBKioskViewController.m; path = Classes/PUBKioskViewController.m; sourceTree = "<group>"; };
		877665F919ACED3D000DFFF1 /* PUBParentPreviewViewController.h */ = {isa = PBXFileReference; fileEncoding = 4; lastKnownFileType = sourcecode.c.h; name = PUBParentPreviewViewController.h; path = Classes/PUBParentPreviewViewController.h; sourceTree = "<group>"; };
		877665FA19ACED3D000DFFF1 /* PUBParentPreviewViewController.m */ = {isa = PBXFileReference; fileEncoding = 4; lastKnownFileType = sourcecode.c.objc; name = PUBParentPreviewViewController.m; path = Classes/PUBParentPreviewViewController.m; sourceTree = "<group>"; };
		877665FC19ACED47000DFFF1 /* PUBiPhonePreviewViewController.h */ = {isa = PBXFileReference; fileEncoding = 4; lastKnownFileType = sourcecode.c.h; name = PUBiPhonePreviewViewController.h; path = Classes/PUBiPhonePreviewViewController.h; sourceTree = "<group>"; };
		877665FD19ACED47000DFFF1 /* PUBiPhonePreviewViewController.m */ = {isa = PBXFileReference; fileEncoding = 4; lastKnownFileType = sourcecode.c.objc; name = PUBiPhonePreviewViewController.m; path = Classes/PUBiPhonePreviewViewController.m; sourceTree = "<group>"; };
		877665FF19ACED51000DFFF1 /* PUBPreviewViewController.h */ = {isa = PBXFileReference; fileEncoding = 4; lastKnownFileType = sourcecode.c.h; name = PUBPreviewViewController.h; path = Classes/PUBPreviewViewController.h; sourceTree = "<group>"; };
		8776660019ACED51000DFFF1 /* PUBPreviewViewController.m */ = {isa = PBXFileReference; fileEncoding = 4; lastKnownFileType = sourcecode.c.objc; name = PUBPreviewViewController.m; path = Classes/PUBPreviewViewController.m; sourceTree = "<group>"; };
		8776660219ACED5B000DFFF1 /* PUBPagePreviewViewController.h */ = {isa = PBXFileReference; fileEncoding = 4; lastKnownFileType = sourcecode.c.h; name = PUBPagePreviewViewController.h; path = Classes/PUBPagePreviewViewController.h; sourceTree = "<group>"; };
		8776660319ACED5B000DFFF1 /* PUBPagePreviewViewController.m */ = {isa = PBXFileReference; fileEncoding = 4; lastKnownFileType = sourcecode.c.objc; name = PUBPagePreviewViewController.m; path = Classes/PUBPagePreviewViewController.m; sourceTree = "<group>"; };
		8776660519ACED64000DFFF1 /* PUBThumbnailImageCache.h */ = {isa = PBXFileReference; fileEncoding = 4; lastKnownFileType = sourcecode.c.h; name = PUBThumbnailImageCache.h; path = Classes/PUBThumbnailImageCache.h; sourceTree = "<group>"; };
		8776660619ACED64000DFFF1 /* PUBThumbnailImageCache.m */ = {isa = PBXFileReference; fileEncoding = 4; lastKnownFileType = sourcecode.c.objc; name = PUBThumbnailImageCache.m; path = Classes/PUBThumbnailImageCache.m; sourceTree = "<group>"; };
		8776660819ACED71000DFFF1 /* PUBStatisticsManager.h */ = {isa = PBXFileReference; fileEncoding = 4; lastKnownFileType = sourcecode.c.h; name = PUBStatisticsManager.h; path = Classes/PUBStatisticsManager.h; sourceTree = "<group>"; };
		8776660919ACED71000DFFF1 /* PUBStatisticsManager.m */ = {isa = PBXFileReference; fileEncoding = 4; lastKnownFileType = sourcecode.c.objc; name = PUBStatisticsManager.m; path = Classes/PUBStatisticsManager.m; sourceTree = "<group>"; };
		8776660B19ACED83000DFFF1 /* PUBCoreDataStack.h */ = {isa = PBXFileReference; fileEncoding = 4; lastKnownFileType = sourcecode.c.h; name = PUBCoreDataStack.h; path = Classes/PUBCoreDataStack.h; sourceTree = "<group>"; };
		8776660C19ACED83000DFFF1 /* PUBCoreDataStack.m */ = {isa = PBXFileReference; fileEncoding = 4; lastKnownFileType = sourcecode.c.objc; name = PUBCoreDataStack.m; path = Classes/PUBCoreDataStack.m; sourceTree = "<group>"; };
		8776660D19ACED83000DFFF1 /* PUBDocument.h */ = {isa = PBXFileReference; fileEncoding = 4; lastKnownFileType = sourcecode.c.h; name = PUBDocument.h; path = Classes/PUBDocument.h; sourceTree = "<group>"; };
		8776660E19ACED83000DFFF1 /* PUBDocument.m */ = {isa = PBXFileReference; fileEncoding = 4; lastKnownFileType = sourcecode.c.objc; name = PUBDocument.m; path = Classes/PUBDocument.m; sourceTree = "<group>"; };
		8776660F19ACED83000DFFF1 /* PUBDocument+Helper.h */ = {isa = PBXFileReference; fileEncoding = 4; lastKnownFileType = sourcecode.c.h; name = "PUBDocument+Helper.h"; path = "Classes/PUBDocument+Helper.h"; sourceTree = "<group>"; };
		8776661019ACED83000DFFF1 /* PUBDocument+Helper.m */ = {isa = PBXFileReference; fileEncoding = 4; lastKnownFileType = sourcecode.c.objc; name = "PUBDocument+Helper.m"; path = "Classes/PUBDocument+Helper.m"; sourceTree = "<group>"; };
		8776661419ACED98000DFFF1 /* PUBCommunication.h */ = {isa = PBXFileReference; fileEncoding = 4; lastKnownFileType = sourcecode.c.h; name = PUBCommunication.h; path = Classes/PUBCommunication.h; sourceTree = "<group>"; };
		8776661519ACED98000DFFF1 /* PUBCommunication.m */ = {isa = PBXFileReference; fileEncoding = 4; lastKnownFileType = sourcecode.c.objc; name = PUBCommunication.m; path = Classes/PUBCommunication.m; sourceTree = "<group>"; };
		8776661619ACED98000DFFF1 /* PUBDocumentFetcher.h */ = {isa = PBXFileReference; fileEncoding = 4; lastKnownFileType = sourcecode.c.h; name = PUBDocumentFetcher.h; path = Classes/PUBDocumentFetcher.h; sourceTree = "<group>"; };
		8776661719ACED98000DFFF1 /* PUBDocumentFetcher.m */ = {isa = PBXFileReference; fileEncoding = 4; lastKnownFileType = sourcecode.c.objc; name = PUBDocumentFetcher.m; path = Classes/PUBDocumentFetcher.m; sourceTree = "<group>"; };
		8776661819ACED98000DFFF1 /* PUBHTTPRequestManager.h */ = {isa = PBXFileReference; fileEncoding = 4; lastKnownFileType = sourcecode.c.h; name = PUBHTTPRequestManager.h; path = Classes/PUBHTTPRequestManager.h; sourceTree = "<group>"; };
		8776661919ACED98000DFFF1 /* PUBHTTPRequestManager.m */ = {isa = PBXFileReference; fileEncoding = 4; lastKnownFileType = sourcecode.c.objc; name = PUBHTTPRequestManager.m; path = Classes/PUBHTTPRequestManager.m; sourceTree = "<group>"; };
		8776661D19ACEDBE000DFFF1 /* PUBConstants.h */ = {isa = PBXFileReference; fileEncoding = 4; lastKnownFileType = sourcecode.c.h; name = PUBConstants.h; path = Classes/PUBConstants.h; sourceTree = "<group>"; };
		8776661E19ACEDBE000DFFF1 /* PUBConstants.m */ = {isa = PBXFileReference; fileEncoding = 4; lastKnownFileType = sourcecode.c.objc; name = PUBConstants.m; path = Classes/PUBConstants.m; sourceTree = "<group>"; };
		8776661F19ACEDBE000DFFF1 /* Publiss.h */ = {isa = PBXFileReference; fileEncoding = 4; lastKnownFileType = sourcecode.c.h; name = Publiss.h; path = Classes/Publiss.h; sourceTree = "<group>"; };
		8776662019ACEDBE000DFFF1 /* Publiss.m */ = {isa = PBXFileReference; fileEncoding = 4; lastKnownFileType = sourcecode.c.objc; name = Publiss.m; path = Classes/Publiss.m; sourceTree = "<group>"; };
		8776662719ADAFC8000DFFF1 /* PUBPreviewViewControlleriPhone.storyboard */ = {isa = PBXFileReference; fileEncoding = 4; lastKnownFileType = file.storyboard; name = PUBPreviewViewControlleriPhone.storyboard; path = Views/PUBPreviewViewControlleriPhone.storyboard; sourceTree = "<group>"; };
		8776662819ADAFC8000DFFF1 /* PUBKiosk.storyboard */ = {isa = PBXFileReference; fileEncoding = 4; lastKnownFileType = file.storyboard; name = PUBKiosk.storyboard; path = Views/PUBKiosk.storyboard; sourceTree = "<group>"; };
		8776662C19ADB05E000DFFF1 /* PreviewCell.xib */ = {isa = PBXFileReference; fileEncoding = 4; lastKnownFileType = file.xib; name = PreviewCell.xib; path = Views/PreviewCell.xib; sourceTree = "<group>"; };
		8776662D19ADB05E000DFFF1 /* PUBPreviewViewController.xib */ = {isa = PBXFileReference; fileEncoding = 4; lastKnownFileType = file.xib; name = PUBPreviewViewController.xib; path = Views/PUBPreviewViewController.xib; sourceTree = "<group>"; };
		877666AA19AF6DD0000DFFF1 /* Publiss.bundle */ = {isa = PBXFileReference; lastKnownFileType = "wrapper.plug-in"; path = Publiss.bundle; sourceTree = "<group>"; };
		8784A72818F575D9001DB322 /* Publiss_1.11.xcdatamodel */ = {isa = PBXFileReference; lastKnownFileType = wrapper.xcdatamodel; path = Publiss_1.11.xcdatamodel; sourceTree = "<group>"; };
		8784A72C18F578C6001DB322 /* PUBURLFactoryTest.m */ = {isa = PBXFileReference; fileEncoding = 4; lastKnownFileType = sourcecode.c.objc; path = PUBURLFactoryTest.m; sourceTree = "<group>"; };
		87ACA1A619F7EC520075364D /* PUBMenuItemManager.h */ = {isa = PBXFileReference; fileEncoding = 4; lastKnownFileType = sourcecode.c.h; name = PUBMenuItemManager.h; path = Classes/PUBMenuItemManager.h; sourceTree = "<group>"; };
		87ACA1A719F7EC520075364D /* PUBMenuItemManager.m */ = {isa = PBXFileReference; fileEncoding = 4; lastKnownFileType = sourcecode.c.objc; name = PUBMenuItemManager.m; path = Classes/PUBMenuItemManager.m; sourceTree = "<group>"; };
		87B1962819DD75EC0060353B /* Publiss.podspec */ = {isa = PBXFileReference; fileEncoding = 4; lastKnownFileType = text; path = Publiss.podspec; sourceTree = SOURCE_ROOT; };
		87C655871A0B7C2B0092218F /* PUBFooterReusableView.h */ = {isa = PBXFileReference; fileEncoding = 4; lastKnownFileType = sourcecode.c.h; name = PUBFooterReusableView.h; path = Classes/PUBFooterReusableView.h; sourceTree = "<group>"; };
		87C655881A0B7C2B0092218F /* PUBFooterReusableView.m */ = {isa = PBXFileReference; fileEncoding = 4; lastKnownFileType = sourcecode.c.objc; name = PUBFooterReusableView.m; path = Classes/PUBFooterReusableView.m; sourceTree = "<group>"; };
		87D9203F19F69DAD0016872B /* PUBMainViewController.h */ = {isa = PBXFileReference; fileEncoding = 4; lastKnownFileType = sourcecode.c.h; name = PUBMainViewController.h; path = Classes/PUBMainViewController.h; sourceTree = "<group>"; };
		87D9204019F69DAD0016872B /* PUBMainViewController.m */ = {isa = PBXFileReference; fileEncoding = 4; lastKnownFileType = sourcecode.c.objc; name = PUBMainViewController.m; path = Classes/PUBMainViewController.m; sourceTree = "<group>"; };
		87D9204219F6A1E70016872B /* PUBMenuItem.h */ = {isa = PBXFileReference; fileEncoding = 4; lastKnownFileType = sourcecode.c.h; name = PUBMenuItem.h; path = Classes/PUBMenuItem.h; sourceTree = "<group>"; };
		87D9204319F6A1E70016872B /* PUBMenuItem.m */ = {isa = PBXFileReference; fileEncoding = 4; lastKnownFileType = sourcecode.c.objc; name = PUBMenuItem.m; path = Classes/PUBMenuItem.m; sourceTree = "<group>"; };
		87D9204519F798210016872B /* PUBMenuTableViewCell.h */ = {isa = PBXFileReference; fileEncoding = 4; lastKnownFileType = sourcecode.c.h; name = PUBMenuTableViewCell.h; path = Classes/PUBMenuTableViewCell.h; sourceTree = "<group>"; };
		87D9204619F798210016872B /* PUBMenuTableViewCell.m */ = {isa = PBXFileReference; fileEncoding = 4; lastKnownFileType = sourcecode.c.objc; name = PUBMenuTableViewCell.m; path = Classes/PUBMenuTableViewCell.m; sourceTree = "<group>"; };
		87F1294319E2850300A082E2 /* PUBNavigationViewController.h */ = {isa = PBXFileReference; fileEncoding = 4; lastKnownFileType = sourcecode.c.h; name = PUBNavigationViewController.h; path = Classes/PUBNavigationViewController.h; sourceTree = "<group>"; };
		87F1294419E2850300A082E2 /* PUBNavigationViewController.m */ = {isa = PBXFileReference; fileEncoding = 4; lastKnownFileType = sourcecode.c.objc; name = PUBNavigationViewController.m; path = Classes/PUBNavigationViewController.m; sourceTree = "<group>"; };
		87FE33FD19F6526C00BED33B /* PUBMenuViewController.h */ = {isa = PBXFileReference; fileEncoding = 4; lastKnownFileType = sourcecode.c.h; name = PUBMenuViewController.h; path = Classes/PUBMenuViewController.h; sourceTree = "<group>"; };
		87FE33FE19F6526C00BED33B /* PUBMenuViewController.m */ = {isa = PBXFileReference; fileEncoding = 4; lastKnownFileType = sourcecode.c.objc; name = PUBMenuViewController.m; path = Classes/PUBMenuViewController.m; sourceTree = "<group>"; };
		87FE340019F656AB00BED33B /* PUBMenu.storyboard */ = {isa = PBXFileReference; fileEncoding = 4; lastKnownFileType = file.storyboard; name = PUBMenu.storyboard; path = Views/PUBMenu.storyboard; sourceTree = "<group>"; };
		A7EC5682127449A88DBB3A62 /* libPods.a */ = {isa = PBXFileReference; explicitFileType = archive.ar; includeInIndex = 0; path = libPods.a; sourceTree = BUILT_PRODUCTS_DIR; };
		ACC07DEE8AD97811741438B8 /* Pods.release.xcconfig */ = {isa = PBXFileReference; includeInIndex = 1; lastKnownFileType = text.xcconfig; name = Pods.release.xcconfig; path = "Pods/Target Support Files/Pods/Pods.release.xcconfig"; sourceTree = "<group>"; };
		D403592118BF442100C5E72F /* Publiss_1.03.xcdatamodel */ = {isa = PBXFileReference; lastKnownFileType = wrapper.xcdatamodel; path = Publiss_1.03.xcdatamodel; sourceTree = "<group>"; };
		EF9069A2189BC2D0008E8369 /* de */ = {isa = PBXFileReference; lastKnownFileType = text.plist.strings; name = de; path = de.lproj/InfoPlist.strings; sourceTree = "<group>"; };
		EFB9DB5518508F8A008CEBDE /* CoreTelephony.framework */ = {isa = PBXFileReference; lastKnownFileType = wrapper.framework; name = CoreTelephony.framework; path = System/Library/Frameworks/CoreTelephony.framework; sourceTree = SDKROOT; };
		EFBA434218E07FAA00BC738B /* StoreKit.framework */ = {isa = PBXFileReference; lastKnownFileType = wrapper.framework; name = StoreKit.framework; path = System/Library/Frameworks/StoreKit.framework; sourceTree = SDKROOT; };
		EFC288A418A0ED5500D74A1C /* AdSupport.framework */ = {isa = PBXFileReference; lastKnownFileType = wrapper.framework; name = AdSupport.framework; path = System/Library/Frameworks/AdSupport.framework; sourceTree = SDKROOT; };
		EFC288A618A0ED6700D74A1C /* SystemConfiguration.framework */ = {isa = PBXFileReference; lastKnownFileType = wrapper.framework; name = SystemConfiguration.framework; path = System/Library/Frameworks/SystemConfiguration.framework; sourceTree = SDKROOT; };
/* End PBXFileReference section */

/* Begin PBXFrameworksBuildPhase section */
		870110D3180FCF140034B9AC /* Frameworks */ = {
			isa = PBXFrameworksBuildPhase;
			buildActionMask = 2147483647;
			files = (
				EFC288A718A0ED6700D74A1C /* SystemConfiguration.framework in Frameworks */,
				EFB9DB5618508F8A008CEBDE /* CoreTelephony.framework in Frameworks */,
				8110782E1811301F00281106 /* libxml2.2.dylib in Frameworks */,
				8110782C1811301900281106 /* libsqlite3.dylib in Frameworks */,
				8110782A1811300900281106 /* QuickLook.framework in Frameworks */,
				811078281811300000281106 /* Security.framework in Frameworks */,
				8110782618112FF900281106 /* AssetsLibrary.framework in Frameworks */,
				8110782418112FE400281106 /* AVFoundation.framework in Frameworks */,
				8110782218112FDC00281106 /* CFNetwork.framework in Frameworks */,
				8110782018112FCE00281106 /* CoreMedia.framework in Frameworks */,
				8110781E18112FBB00281106 /* libz.1.2.5.dylib in Frameworks */,
				8110781C18112FA800281106 /* MessageUI.framework in Frameworks */,
				EFBA434318E07FAA00BC738B /* StoreKit.framework in Frameworks */,
				8110780E18112E4100281106 /* CoreAudio.framework in Frameworks */,
				8110780C18112E2000281106 /* AudioToolbox.framework in Frameworks */,
				8110781818112E8200281106 /* ImageIO.framework in Frameworks */,
				8110781618112E7900281106 /* CoreText.framework in Frameworks */,
				8110781418112E6800281106 /* QuartzCore.framework in Frameworks */,
				37B57E9B19ECFC76000B893A /* PublissCore.framework in Frameworks */,
				8110781218112E5C00281106 /* MediaPlayer.framework in Frameworks */,
				8110781018112E5200281106 /* CoreImage.framework in Frameworks */,
				870110DC180FCF140034B9AC /* CoreGraphics.framework in Frameworks */,
				870110E0180FCF140034B9AC /* CoreData.framework in Frameworks */,
				870110DE180FCF140034B9AC /* UIKit.framework in Frameworks */,
				870110DA180FCF140034B9AC /* Foundation.framework in Frameworks */,
				EB07BD7ACAD44CFFA2E7A71C /* libPods.a in Frameworks */,
			);
			runOnlyForDeploymentPostprocessing = 0;
		};
		870110F3180FCF140034B9AC /* Frameworks */ = {
			isa = PBXFrameworksBuildPhase;
			buildActionMask = 2147483647;
			files = (
				870110F8180FCF140034B9AC /* XCTest.framework in Frameworks */,
				870110FB180FCF140034B9AC /* CoreData.framework in Frameworks */,
				870110FA180FCF140034B9AC /* UIKit.framework in Frameworks */,
				870110F9180FCF140034B9AC /* Foundation.framework in Frameworks */,
			);
			runOnlyForDeploymentPostprocessing = 0;
		};
/* End PBXFrameworksBuildPhase section */

/* Begin PBXGroup section */
		163051D31014E977270EBFD2 /* Pods */ = {
			isa = PBXGroup;
			children = (
				462072B4D22FBED0967E830D /* Pods.debug.xcconfig */,
				ACC07DEE8AD97811741438B8 /* Pods.release.xcconfig */,
			);
			name = Pods;
			sourceTree = "<group>";
		};
		37B57E9819ECFC76000B893A /* PublissCore.embeddedframework */ = {
			isa = PBXGroup;
			children = (
				37B57E9919ECFC76000B893A /* PublissCore.framework */,
				37B57E9A19ECFC76000B893A /* Resources */,
			);
			path = PublissCore.embeddedframework;
			sourceTree = "<group>";
		};
		37B57E9A19ECFC76000B893A /* Resources */ = {
			isa = PBXGroup;
			children = (
			);
			path = Resources;
			sourceTree = "<group>";
		};
		8103B57A1846C14E00E8E77E /* xib */ = {
			isa = PBXGroup;
			children = (
				8776662C19ADB05E000DFFF1 /* PreviewCell.xib */,
				8776662D19ADB05E000DFFF1 /* PUBPreviewViewController.xib */,
			);
			name = xib;
			sourceTree = "<group>";
		};
		8110782F1811355D00281106 /* Networking */ = {
			isa = PBXGroup;
			children = (
				8776661419ACED98000DFFF1 /* PUBCommunication.h */,
				8776661519ACED98000DFFF1 /* PUBCommunication.m */,
				8776661619ACED98000DFFF1 /* PUBDocumentFetcher.h */,
				8776661719ACED98000DFFF1 /* PUBDocumentFetcher.m */,
				8776661819ACED98000DFFF1 /* PUBHTTPRequestManager.h */,
				8776661919ACED98000DFFF1 /* PUBHTTPRequestManager.m */,
			);
			name = Networking;
			sourceTree = "<group>";
		};
		811078351811368200281106 /* Model */ = {
			isa = PBXGroup;
			children = (
				87D9204219F6A1E70016872B /* PUBMenuItem.h */,
				87D9204319F6A1E70016872B /* PUBMenuItem.m */,
				8776660B19ACED83000DFFF1 /* PUBCoreDataStack.h */,
				8776660C19ACED83000DFFF1 /* PUBCoreDataStack.m */,
				8776660D19ACED83000DFFF1 /* PUBDocument.h */,
				8776660E19ACED83000DFFF1 /* PUBDocument.m */,
				8776660F19ACED83000DFFF1 /* PUBDocument+Helper.h */,
				8776661019ACED83000DFFF1 /* PUBDocument+Helper.m */,
				7864703518A532030005B3B1 /* Publiss.xcdatamodeld */,
				87ACA1A619F7EC520075364D /* PUBMenuItemManager.h */,
				87ACA1A719F7EC520075364D /* PUBMenuItemManager.m */,
			);
			name = Model;
			sourceTree = "<group>";
		};
		811078361811368A00281106 /* ViewControllers */ = {
			isa = PBXGroup;
			children = (
				8776660519ACED64000DFFF1 /* PUBThumbnailImageCache.h */,
				8776660619ACED64000DFFF1 /* PUBThumbnailImageCache.m */,
				8776660219ACED5B000DFFF1 /* PUBPagePreviewViewController.h */,
				8776660319ACED5B000DFFF1 /* PUBPagePreviewViewController.m */,
				877665F919ACED3D000DFFF1 /* PUBParentPreviewViewController.h */,
				877665FA19ACED3D000DFFF1 /* PUBParentPreviewViewController.m */,
				877665FF19ACED51000DFFF1 /* PUBPreviewViewController.h */,
				8776660019ACED51000DFFF1 /* PUBPreviewViewController.m */,
				877665FC19ACED47000DFFF1 /* PUBiPhonePreviewViewController.h */,
				877665FD19ACED47000DFFF1 /* PUBiPhonePreviewViewController.m */,
				877665F619ACED26000DFFF1 /* PUBKioskViewController.h */,
				877665F719ACED26000DFFF1 /* PUBKioskViewController.m */,
				87F1294319E2850300A082E2 /* PUBNavigationViewController.h */,
				87F1294419E2850300A082E2 /* PUBNavigationViewController.m */,
				87FE33FD19F6526C00BED33B /* PUBMenuViewController.h */,
				87FE33FE19F6526C00BED33B /* PUBMenuViewController.m */,
				87D9203F19F69DAD0016872B /* PUBMainViewController.h */,
				87D9204019F69DAD0016872B /* PUBMainViewController.m */,
				8773EC0E1A31F3F000D2A4CF /* PUBUserLoginViewController.h */,
				8773EC0F1A31F3F000D2A4CF /* PUBUserLoginViewController.m */,
			);
			name = ViewControllers;
			sourceTree = "<group>";
		};
		8110784A18114CD700281106 /* AppDelegate */ = {
			isa = PBXGroup;
			children = (
				870110EA180FCF140034B9AC /* PUBAppDelegate.h */,
				870110EB180FCF140034B9AC /* PUBAppDelegate.m */,
			);
			name = AppDelegate;
			sourceTree = "<group>";
		};
		811A8B7618169FBD00D0F893 /* Storyboard */ = {
			isa = PBXGroup;
			children = (
				8103B57A1846C14E00E8E77E /* xib */,
				8776662719ADAFC8000DFFF1 /* PUBPreviewViewControlleriPhone.storyboard */,
				8776662819ADAFC8000DFFF1 /* PUBKiosk.storyboard */,
				87FE340019F656AB00BED33B /* PUBMenu.storyboard */,
				8773EC0C1A31F10D00D2A4CF /* PUBUserLogin.storyboard */,
			);
			name = Storyboard;
			sourceTree = "<group>";
		};
		811A8B7C1816A48800D0F893 /* View */ = {
			isa = PBXGroup;
			children = (
				877665EA19ACECEA000DFFF1 /* PUBNamedBadgeView.h */,
				877665EB19ACECEA000DFFF1 /* PUBNamedBadgeView.m */,
				877665E719ACECDE000DFFF1 /* PUBBadgeView.h */,
				877665E819ACECDE000DFFF1 /* PUBBadgeView.m */,
				877665E619ACECC2000DFFF1 /* PUBCoverImageCell.h */,
				877665E319ACECAE000DFFF1 /* PUBPreviewCell.h */,
				877665E419ACECAE000DFFF1 /* PUBPreviewCell.m */,
				877665E019ACECA6000DFFF1 /* PUBCellView+Document.h */,
				877665E119ACECA6000DFFF1 /* PUBCellView+Document.m */,
				877665DD19ACEC9E000DFFF1 /* PUBCellView.h */,
				877665DE19ACEC9E000DFFF1 /* PUBCellView.m */,
				877665DA19ACEC96000DFFF1 /* PUBContentInsetCenteredScrollView.h */,
				877665DB19ACEC96000DFFF1 /* PUBContentInsetCenteredScrollView.m */,
				877665D719ACEC8E000DFFF1 /* PUBDownloadButton.h */,
				877665D819ACEC8E000DFFF1 /* PUBDownloadButton.m */,
				877665D419ACEC84000DFFF1 /* PUBCenteredScrollView.h */,
				877665D519ACEC84000DFFF1 /* PUBCenteredScrollView.m */,
				877665D119ACEC7B000DFFF1 /* PUBProgressView.h */,
				877665D219ACEC7B000DFFF1 /* PUBProgressView.m */,
				37F2F9A319ED6E9D003E344D /* PUBImageReusableView.h */,
				37F2F9A419ED6E9D003E344D /* PUBImageReusableView.m */,
				37F2F9A919EE5E80003E344D /* PUBHeaderReusableView.h */,
				37F2F9AA19EE5E80003E344D /* PUBHeaderReusableView.m */,
				37F2F9AF19EE5F73003E344D /* PUBHeaderReusableView+Documents.h */,
				37F2F9B019EE5F73003E344D /* PUBHeaderReusableView+Documents.m */,
				37F2F9A019ED6196003E344D /* PUBKioskLayout.h */,
				37F2F9A119ED6196003E344D /* PUBKioskLayout.m */,
				37F2F9B819F13004003E344D /* PUBDimmView.h */,
				37F2F9B919F13004003E344D /* PUBDimmView.m */,
				87D9204519F798210016872B /* PUBMenuTableViewCell.h */,
				87D9204619F798210016872B /* PUBMenuTableViewCell.m */,
				87C655871A0B7C2B0092218F /* PUBFooterReusableView.h */,
				87C655881A0B7C2B0092218F /* PUBFooterReusableView.m */,
			);
			name = View;
			sourceTree = "<group>";
		};
		81B3AF3B1817B71D00CB5CF1 /* Design */ = {
			isa = PBXGroup;
			children = (
				8773EC141A31F8E000D2A4CF /* UIImage+ImageEffects.h */,
				8773EC151A31F8E000D2A4CF /* UIImage+ImageEffects.m */,
				877665CB19ACEC26000DFFF1 /* UIImage+PUBTinting.h */,
				877665CC19ACEC26000DFFF1 /* UIImage+PUBTinting.m */,
				877665C819ACEC19000DFFF1 /* UIColor+PUBDesign.h */,
				877665C919ACEC19000DFFF1 /* UIColor+PUBDesign.m */,
			);
			name = Design;
			sourceTree = "<group>";
		};
		81C1EF14184A6C0B002B694F /* Transistions */ = {
			isa = PBXGroup;
			children = (
				37F2F9B519F11CF6003E344D /* PUBTransitioningDelegate.h */,
				37F2F9B619F11CF6003E344D /* PUBTransitioningDelegate.m */,
				877665F019ACED0A000DFFF1 /* PUBBaseTransition.h */,
				877665F119ACED0A000DFFF1 /* PUBBaseTransition.m */,
				877665F319ACED17000DFFF1 /* PUBScaleTransition.h */,
				877665F419ACED17000DFFF1 /* PUBScaleTransition.m */,
				37F2F9B219F11037003E344D /* PUBFadeTransition.h */,
				37F2F9B319F11037003E344D /* PUBFadeTransition.m */,
				37F2F9BB19F137C4003E344D /* PUBDocumentTransition.h */,
				37F2F9BC19F137C4003E344D /* PUBDocumentTransition.m */,
			);
			name = Transistions;
			sourceTree = "<group>";
		};
		870110CD180FCF140034B9AC = {
			isa = PBXGroup;
			children = (
				870110F0180FCF140034B9AC /* Images.xcassets */,
				870110E1180FCF140034B9AC /* Publiss */,
				870110FE180FCF140034B9AC /* PublissTests */,
				870110D8180FCF140034B9AC /* Frameworks */,
				870110D7180FCF140034B9AC /* Products */,
				163051D31014E977270EBFD2 /* Pods */,
			);
			sourceTree = "<group>";
		};
		870110D7180FCF140034B9AC /* Products */ = {
			isa = PBXGroup;
			children = (
				870110D6180FCF140034B9AC /* Publiss.app */,
				870110F6180FCF140034B9AC /* PublissTests.xctest */,
			);
			name = Products;
			sourceTree = "<group>";
		};
		870110D8180FCF140034B9AC /* Frameworks */ = {
			isa = PBXGroup;
			children = (
				37B57E9819ECFC76000B893A /* PublissCore.embeddedframework */,
				EFBA434218E07FAA00BC738B /* StoreKit.framework */,
				EFC288A618A0ED6700D74A1C /* SystemConfiguration.framework */,
				EFC288A418A0ED5500D74A1C /* AdSupport.framework */,
				EFB9DB5518508F8A008CEBDE /* CoreTelephony.framework */,
				8110782D1811301F00281106 /* libxml2.2.dylib */,
				8110782B1811301900281106 /* libsqlite3.dylib */,
				811078291811300900281106 /* QuickLook.framework */,
				811078271811300000281106 /* Security.framework */,
				8110782518112FF900281106 /* AssetsLibrary.framework */,
				8110782318112FE400281106 /* AVFoundation.framework */,
				8110782118112FDB00281106 /* CFNetwork.framework */,
				8110781F18112FCE00281106 /* CoreMedia.framework */,
				8110781D18112FBB00281106 /* libz.1.2.5.dylib */,
				8110781B18112FA800281106 /* MessageUI.framework */,
				8110781718112E8200281106 /* ImageIO.framework */,
				8110781518112E7900281106 /* CoreText.framework */,
				8110781318112E6800281106 /* QuartzCore.framework */,
				8110781118112E5C00281106 /* MediaPlayer.framework */,
				8110780F18112E5200281106 /* CoreImage.framework */,
				8110780D18112E4100281106 /* CoreAudio.framework */,
				8110780B18112E2000281106 /* AudioToolbox.framework */,
				870110D9180FCF140034B9AC /* Foundation.framework */,
				870110DB180FCF140034B9AC /* CoreGraphics.framework */,
				870110DD180FCF140034B9AC /* UIKit.framework */,
				870110DF180FCF140034B9AC /* CoreData.framework */,
				870110F7180FCF140034B9AC /* XCTest.framework */,
				A7EC5682127449A88DBB3A62 /* libPods.a */,
			);
			name = Frameworks;
			sourceTree = "<group>";
		};
		870110E1180FCF140034B9AC /* Publiss */ = {
			isa = PBXGroup;
			children = (
				877666AA19AF6DD0000DFFF1 /* Publiss.bundle */,
				877665B119ACEA06000DFFF1 /* 3rd Party */,
				877665B819ACEA0C000DFFF1 /* PSPDFSubclasses */,
				81B3AF3B1817B71D00CB5CF1 /* Design */,
				8110784A18114CD700281106 /* AppDelegate */,
				811A8B7618169FBD00D0F893 /* Storyboard */,
				811A8B7C1816A48800D0F893 /* View */,
				811078361811368A00281106 /* ViewControllers */,
				81C1EF14184A6C0B002B694F /* Transistions */,
				EF123A0618A3B4AA001A43D4 /* Statistics */,
				811078351811368200281106 /* Model */,
				8110782F1811355D00281106 /* Networking */,
				870110E2180FCF140034B9AC /* Supporting Files */,
			);
			path = Publiss;
			sourceTree = "<group>";
		};
		870110E2180FCF140034B9AC /* Supporting Files */ = {
			isa = PBXGroup;
			children = (
				87B1962819DD75EC0060353B /* Publiss.podspec */,
				8776661D19ACEDBE000DFFF1 /* PUBConstants.h */,
				8776661E19ACEDBE000DFFF1 /* PUBConstants.m */,
				8776661F19ACEDBE000DFFF1 /* Publiss.h */,
				8776662019ACEDBE000DFFF1 /* Publiss.m */,
				870110E3180FCF140034B9AC /* Publiss-Info.plist */,
				870110E7180FCF140034B9AC /* main.m */,
				870110E9180FCF140034B9AC /* Publiss-Prefix.pch */,
				8749898519B07668006ABCA3 /* Localizable.strings */,
			);
			name = "Supporting Files";
			sourceTree = "<group>";
		};
		870110FE180FCF140034B9AC /* PublissTests */ = {
			isa = PBXGroup;
			children = (
				87011104180FCF140034B9AC /* PublissTests.m */,
				870110FF180FCF140034B9AC /* Supporting Files */,
				8784A72C18F578C6001DB322 /* PUBURLFactoryTest.m */,
			);
			path = PublissTests;
			sourceTree = "<group>";
		};
		870110FF180FCF140034B9AC /* Supporting Files */ = {
			isa = PBXGroup;
			children = (
				87011100180FCF140034B9AC /* PublissTests-Info.plist */,
				87011101180FCF140034B9AC /* InfoPlist.strings */,
			);
			name = "Supporting Files";
			sourceTree = "<group>";
		};
		877665B119ACEA06000DFFF1 /* 3rd Party */ = {
			isa = PBXGroup;
			children = (
				877665B219ACEA06000DFFF1 /* IAPController.h */,
				877665B319ACEA06000DFFF1 /* IAPController.m */,
				877665B419ACEA06000DFFF1 /* IAPManager.h */,
				877665B519ACEA06000DFFF1 /* IAPManager.m */,
			);
			path = "3rd Party";
			sourceTree = "<group>";
		};
		877665B819ACEA0C000DFFF1 /* PSPDFSubclasses */ = {
			isa = PBXGroup;
			children = (
				877665CE19ACEC68000DFFF1 /* PUBLinkAnnotationView.h */,
				877665CF19ACEC68000DFFF1 /* PUBLinkAnnotationView.m */,
				877665BA19ACEA0C000DFFF1 /* PUBPageView.m */,
				877665BB19ACEA0C000DFFF1 /* PUBPDFDocument.h */,
				877665BC19ACEA0C000DFFF1 /* PUBPDFDocument.m */,
				877665BD19ACEA0C000DFFF1 /* PUBPDFViewController.h */,
				877665BE19ACEA0C000DFFF1 /* PUBPDFViewController.m */,
				877665BF19ACEA0C000DFFF1 /* PUBSearchViewController.h */,
				877665C019ACEA0C000DFFF1 /* PUBSearchViewController.m */,
				877665C119ACEA0C000DFFF1 /* PUBThumbnailGridViewCell.h */,
				877665C219ACEA0C000DFFF1 /* PUBThumbnailGridViewCell.m */,
			);
			path = PSPDFSubclasses;
			sourceTree = "<group>";
		};
		EF123A0618A3B4AA001A43D4 /* Statistics */ = {
			isa = PBXGroup;
			children = (
				8776660819ACED71000DFFF1 /* PUBStatisticsManager.h */,
				8776660919ACED71000DFFF1 /* PUBStatisticsManager.m */,
			);
			name = Statistics;
			sourceTree = "<group>";
		};
/* End PBXGroup section */

/* Begin PBXNativeTarget section */
		870110D5180FCF140034B9AC /* Publiss */ = {
			isa = PBXNativeTarget;
			buildConfigurationList = 87011108180FCF140034B9AC /* Build configuration list for PBXNativeTarget "Publiss" */;
			buildPhases = (
				6D4E58FE7AB045BB85A3B374 /* Check Pods Manifest.lock */,
				8776664619ADFE48000DFFF1 /* ShellScript */,
				870110D2180FCF140034B9AC /* Sources */,
				870110D3180FCF140034B9AC /* Frameworks */,
				870110D4180FCF140034B9AC /* Resources */,
				95F619981DC14D3ABEE84409 /* Copy Pods Resources */,
			);
			buildRules = (
			);
			dependencies = (
			);
			name = Publiss;
			productName = Publiss;
			productReference = 870110D6180FCF140034B9AC /* Publiss.app */;
			productType = "com.apple.product-type.application";
		};
		870110F5180FCF140034B9AC /* PublissTests */ = {
			isa = PBXNativeTarget;
			buildConfigurationList = 8701110B180FCF140034B9AC /* Build configuration list for PBXNativeTarget "PublissTests" */;
			buildPhases = (
				870110F2180FCF140034B9AC /* Sources */,
				870110F3180FCF140034B9AC /* Frameworks */,
				870110F4180FCF140034B9AC /* Resources */,
			);
			buildRules = (
			);
			dependencies = (
				870110FD180FCF140034B9AC /* PBXTargetDependency */,
			);
			name = PublissTests;
			productName = PublissTests;
			productReference = 870110F6180FCF140034B9AC /* PublissTests.xctest */;
			productType = "com.apple.product-type.bundle.unit-test";
		};
/* End PBXNativeTarget section */

/* Begin PBXProject section */
		870110CE180FCF140034B9AC /* Project object */ = {
			isa = PBXProject;
			attributes = {
				CLASSPREFIX = PUB;
				LastUpgradeCheck = 0510;
				ORGANIZATIONNAME = "Publiss GmbH";
				TargetAttributes = {
					870110D5180FCF140034B9AC = {
						DevelopmentTeam = 563BA5NND9;
						SystemCapabilities = {
							com.apple.InAppPurchase = {
								enabled = 1;
							};
						};
					};
					870110F5180FCF140034B9AC = {
						TestTargetID = 870110D5180FCF140034B9AC;
					};
				};
			};
			buildConfigurationList = 870110D1180FCF140034B9AC /* Build configuration list for PBXProject "Publiss" */;
			compatibilityVersion = "Xcode 3.2";
			developmentRegion = English;
			hasScannedForEncodings = 0;
			knownRegions = (
				en,
				de,
				Base,
			);
			mainGroup = 870110CD180FCF140034B9AC;
			productRefGroup = 870110D7180FCF140034B9AC /* Products */;
			projectDirPath = "";
			projectRoot = "";
			targets = (
				870110D5180FCF140034B9AC /* Publiss */,
				870110F5180FCF140034B9AC /* PublissTests */,
			);
		};
/* End PBXProject section */

/* Begin PBXResourcesBuildPhase section */
		870110D4180FCF140034B9AC /* Resources */ = {
			isa = PBXResourcesBuildPhase;
			buildActionMask = 2147483647;
			files = (
				8776662E19ADB05E000DFFF1 /* PreviewCell.xib in Resources */,
				8773EC0D1A31F10D00D2A4CF /* PUBUserLogin.storyboard in Resources */,
				870110F1180FCF140034B9AC /* Images.xcassets in Resources */,
				877666AB19AF6DD0000DFFF1 /* Publiss.bundle in Resources */,
				8776662A19ADAFC8000DFFF1 /* PUBKiosk.storyboard in Resources */,
				8749898319B07668006ABCA3 /* Localizable.strings in Resources */,
				87FE340119F656AB00BED33B /* PUBMenu.storyboard in Resources */,
				87B1962919DD75EC0060353B /* Publiss.podspec in Resources */,
				8776662F19ADB05E000DFFF1 /* PUBPreviewViewController.xib in Resources */,
				8776662919ADAFC8000DFFF1 /* PUBPreviewViewControlleriPhone.storyboard in Resources */,
			);
			runOnlyForDeploymentPostprocessing = 0;
		};
		870110F4180FCF140034B9AC /* Resources */ = {
			isa = PBXResourcesBuildPhase;
			buildActionMask = 2147483647;
			files = (
				87011103180FCF140034B9AC /* InfoPlist.strings in Resources */,
			);
			runOnlyForDeploymentPostprocessing = 0;
		};
/* End PBXResourcesBuildPhase section */

/* Begin PBXShellScriptBuildPhase section */
		6D4E58FE7AB045BB85A3B374 /* Check Pods Manifest.lock */ = {
			isa = PBXShellScriptBuildPhase;
			buildActionMask = 2147483647;
			files = (
			);
			inputPaths = (
			);
			name = "Check Pods Manifest.lock";
			outputPaths = (
			);
			runOnlyForDeploymentPostprocessing = 0;
			shellPath = /bin/sh;
			shellScript = "diff \"${PODS_ROOT}/../Podfile.lock\" \"${PODS_ROOT}/Manifest.lock\" > /dev/null\nif [[ $? != 0 ]] ; then\n    cat << EOM\nerror: The sandbox is not in sync with the Podfile.lock. Run 'pod install' or update your CocoaPods installation.\nEOM\n    exit 1\nfi\n";
			showEnvVarsInLog = 0;
		};
		8776664619ADFE48000DFFF1 /* ShellScript */ = {
			isa = PBXShellScriptBuildPhase;
			buildActionMask = 2147483647;
			files = (
			);
			inputPaths = (
			);
			outputPaths = (
			);
			runOnlyForDeploymentPostprocessing = 0;
			shellPath = /bin/sh;
			shellScript = "git --version 2>&1 >/dev/null\nGIT_IS_AVAILABLE=$?\n\nFILE=\"$SRCROOT/Publiss/Classes/PUBConstants.m\"\nINFO_PLIST=\"$SRCROOT/Publiss/Publiss-Info.plist\"\n\nif [ $GIT_IS_AVAILABLE -eq 0 ]; then\n    GIT_COMMIT_COUNT=`git rev-list HEAD --count`\n    defaults write $INFO_PLIST CFBundleVersion $GIT_COMMIT_COUNT\n    VERSION=`defaults read $INFO_PLIST CFBundleShortVersionString`\n    CONTENT=`sed \"s/@\\\"Publiss %@\\\", @\\\"[^\\\"]*\\\"\\];$/\\@\\\"Publiss %@\\\", @\\\"${VERSION} (${GIT_COMMIT_COUNT})\\\"];/g\" $FILE`\necho $CONTENT\nif [ ! -z \"$CONTENT\" ]; then\n    echo \"$CONTENT\" > $FILE\nfi\nfi\n";
		};
		95F619981DC14D3ABEE84409 /* Copy Pods Resources */ = {
			isa = PBXShellScriptBuildPhase;
			buildActionMask = 2147483647;
			files = (
			);
			inputPaths = (
			);
			name = "Copy Pods Resources";
			outputPaths = (
			);
			runOnlyForDeploymentPostprocessing = 0;
			shellPath = /bin/sh;
			shellScript = "\"${SRCROOT}/Pods/Target Support Files/Pods/Pods-resources.sh\"\n";
			showEnvVarsInLog = 0;
		};
/* End PBXShellScriptBuildPhase section */

/* Begin PBXSourcesBuildPhase section */
		870110D2180FCF140034B9AC /* Sources */ = {
			isa = PBXSourcesBuildPhase;
			buildActionMask = 2147483647;
			files = (
				8776662319ACEDBE000DFFF1 /* Publiss.m in Sources */,
				877665FE19ACED47000DFFF1 /* PUBiPhonePreviewViewController.m in Sources */,
				8776661A19ACED98000DFFF1 /* PUBCommunication.m in Sources */,
				87F1294519E2850300A082E2 /* PUBNavigationViewController.m in Sources */,
				877665EC19ACECEA000DFFF1 /* PUBNamedBadgeView.m in Sources */,
				87D9204119F69DAD0016872B /* PUBMainViewController.m in Sources */,
				37F2F9B419F11037003E344D /* PUBFadeTransition.m in Sources */,
				877665F519ACED17000DFFF1 /* PUBScaleTransition.m in Sources */,
				877665C719ACEA0C000DFFF1 /* PUBThumbnailGridViewCell.m in Sources */,
				8776660119ACED51000DFFF1 /* PUBPreviewViewController.m in Sources */,
				877665DF19ACEC9E000DFFF1 /* PUBCellView.m in Sources */,
				8776661C19ACED98000DFFF1 /* PUBHTTPRequestManager.m in Sources */,
				37F2F9AB19EE5E80003E344D /* PUBHeaderReusableView.m in Sources */,
				37F2F9A519ED6E9D003E344D /* PUBImageReusableView.m in Sources */,
				87FE33FF19F6526C00BED33B /* PUBMenuViewController.m in Sources */,
				870110EC180FCF140034B9AC /* PUBAppDelegate.m in Sources */,
				8773EC161A31F8E000D2A4CF /* UIImage+ImageEffects.m in Sources */,
				877665C319ACEA0C000DFFF1 /* PUBPageView.m in Sources */,
				7864703918A532030005B3B1 /* Publiss.xcdatamodeld in Sources */,
				87D9204419F6A1E70016872B /* PUBMenuItem.m in Sources */,
				37F2F9A219ED6196003E344D /* PUBKioskLayout.m in Sources */,
				877665D319ACEC7B000DFFF1 /* PUBProgressView.m in Sources */,
				37F2F9B719F11CF6003E344D /* PUBTransitioningDelegate.m in Sources */,
				877665D019ACEC68000DFFF1 /* PUBLinkAnnotationView.m in Sources */,
				877665B719ACEA06000DFFF1 /* IAPManager.m in Sources */,
				8776661B19ACED98000DFFF1 /* PUBDocumentFetcher.m in Sources */,
				37F2F9B119EE5F73003E344D /* PUBHeaderReusableView+Documents.m in Sources */,
				8776661319ACED83000DFFF1 /* PUBDocument+Helper.m in Sources */,
				877665C519ACEA0C000DFFF1 /* PUBPDFViewController.m in Sources */,
				877665F819ACED26000DFFF1 /* PUBKioskViewController.m in Sources */,
				87C655891A0B7C2B0092218F /* PUBFooterReusableView.m in Sources */,
				877665E219ACECA6000DFFF1 /* PUBCellView+Document.m in Sources */,
				877665CD19ACEC26000DFFF1 /* UIImage+PUBTinting.m in Sources */,
				8776662219ACEDBE000DFFF1 /* PUBConstants.m in Sources */,
				877665DC19ACEC96000DFFF1 /* PUBContentInsetCenteredScrollView.m in Sources */,
				877665C619ACEA0C000DFFF1 /* PUBSearchViewController.m in Sources */,
				877665FB19ACED3D000DFFF1 /* PUBParentPreviewViewController.m in Sources */,
				877665D619ACEC84000DFFF1 /* PUBCenteredScrollView.m in Sources */,
				37F2F9BA19F13004003E344D /* PUBDimmView.m in Sources */,
				87ACA1A819F7EC520075364D /* PUBMenuItemManager.m in Sources */,
				877665E919ACECDE000DFFF1 /* PUBBadgeView.m in Sources */,
				8773EC101A31F3F000D2A4CF /* PUBUserLoginViewController.m in Sources */,
				877665C419ACEA0C000DFFF1 /* PUBPDFDocument.m in Sources */,
				870110E8180FCF140034B9AC /* main.m in Sources */,
				8776660A19ACED71000DFFF1 /* PUBStatisticsManager.m in Sources */,
				8776661119ACED83000DFFF1 /* PUBCoreDataStack.m in Sources */,
				8776660719ACED64000DFFF1 /* PUBThumbnailImageCache.m in Sources */,
				37F2F9BD19F137C4003E344D /* PUBDocumentTransition.m in Sources */,
				877665B619ACEA06000DFFF1 /* IAPController.m in Sources */,
				877665D919ACEC8E000DFFF1 /* PUBDownloadButton.m in Sources */,
				87D9204719F798210016872B /* PUBMenuTableViewCell.m in Sources */,
				8776661219ACED83000DFFF1 /* PUBDocument.m in Sources */,
				8776660419ACED5B000DFFF1 /* PUBPagePreviewViewController.m in Sources */,
				877665F219ACED0A000DFFF1 /* PUBBaseTransition.m in Sources */,
				877665E519ACECAE000DFFF1 /* PUBPreviewCell.m in Sources */,
				877665CA19ACEC19000DFFF1 /* UIColor+PUBDesign.m in Sources */,
			);
			runOnlyForDeploymentPostprocessing = 0;
		};
		870110F2180FCF140034B9AC /* Sources */ = {
			isa = PBXSourcesBuildPhase;
			buildActionMask = 2147483647;
			files = (
				8784A72D18F578C6001DB322 /* PUBURLFactoryTest.m in Sources */,
				87011105180FCF140034B9AC /* PublissTests.m in Sources */,
			);
			runOnlyForDeploymentPostprocessing = 0;
		};
/* End PBXSourcesBuildPhase section */

/* Begin PBXTargetDependency section */
		870110FD180FCF140034B9AC /* PBXTargetDependency */ = {
			isa = PBXTargetDependency;
			target = 870110D5180FCF140034B9AC /* Publiss */;
			targetProxy = 870110FC180FCF140034B9AC /* PBXContainerItemProxy */;
		};
/* End PBXTargetDependency section */

/* Begin PBXVariantGroup section */
		87011101180FCF140034B9AC /* InfoPlist.strings */ = {
			isa = PBXVariantGroup;
			children = (
				EF9069A2189BC2D0008E8369 /* de */,
				8749896F19B06313006ABCA3 /* en */,
			);
			name = InfoPlist.strings;
			sourceTree = "<group>";
		};
		8749898519B07668006ABCA3 /* Localizable.strings */ = {
			isa = PBXVariantGroup;
			children = (
				8749898419B07668006ABCA3 /* en */,
				8749898619B0766A006ABCA3 /* de */,
			);
			name = Localizable.strings;
			sourceTree = "<group>";
		};
/* End PBXVariantGroup section */

/* Begin XCBuildConfiguration section */
		87011106180FCF140034B9AC /* Debug */ = {
			isa = XCBuildConfiguration;
			buildSettings = {
				ALWAYS_SEARCH_USER_PATHS = YES;
				CLANG_ANALYZER_SECURITY_FLOATLOOPCOUNTER = YES;
				CLANG_ANALYZER_SECURITY_INSECUREAPI_RAND = YES;
				CLANG_ANALYZER_SECURITY_INSECUREAPI_STRCPY = YES;
				CLANG_CXX_LANGUAGE_STANDARD = "gnu++0x";
				CLANG_CXX_LIBRARY = "libc++";
				CLANG_ENABLE_MODULES = YES;
				CLANG_ENABLE_OBJC_ARC = YES;
				CLANG_WARN_BOOL_CONVERSION = YES;
				CLANG_WARN_CONSTANT_CONVERSION = YES;
				CLANG_WARN_DIRECT_OBJC_ISA_USAGE = YES_ERROR;
				CLANG_WARN_DOCUMENTATION_COMMENTS = YES;
				CLANG_WARN_EMPTY_BODY = YES;
				CLANG_WARN_ENUM_CONVERSION = YES;
				CLANG_WARN_INT_CONVERSION = YES;
				CLANG_WARN_OBJC_REPEATED_USE_OF_WEAK = YES;
				CLANG_WARN_OBJC_ROOT_CLASS = YES_ERROR;
				CLANG_WARN_SUSPICIOUS_IMPLICIT_CONVERSION = YES;
				CLANG_WARN__DUPLICATE_METHOD_MATCH = YES;
				"CODE_SIGN_IDENTITY[sdk=iphoneos*]" = "";
				COPY_PHASE_STRIP = NO;
				GCC_C_LANGUAGE_STANDARD = gnu99;
				GCC_DYNAMIC_NO_PIC = NO;
				GCC_OPTIMIZATION_LEVEL = 0;
				GCC_PREPROCESSOR_DEFINITIONS = (
					"DEBUG=1",
					"$(inherited)",
				);
				GCC_SYMBOLS_PRIVATE_EXTERN = NO;
				GCC_WARN_64_TO_32_BIT_CONVERSION = YES;
				GCC_WARN_ABOUT_MISSING_NEWLINE = YES;
				GCC_WARN_ABOUT_RETURN_TYPE = YES_ERROR;
				GCC_WARN_INITIALIZER_NOT_FULLY_BRACKETED = YES;
				GCC_WARN_SHADOW = YES;
				GCC_WARN_UNDECLARED_SELECTOR = YES;
				GCC_WARN_UNINITIALIZED_AUTOS = YES;
				GCC_WARN_UNUSED_FUNCTION = YES;
				GCC_WARN_UNUSED_VARIABLE = YES;
				IPHONEOS_DEPLOYMENT_TARGET = 7.1;
				ONLY_ACTIVE_ARCH = YES;
				PROVISIONING_PROFILE = "0BF37EE2-7E6E-447E-82DD-15E28ED3872B";
				SDKROOT = iphoneos;
				TARGETED_DEVICE_FAMILY = 2;
				USER_HEADER_SEARCH_PATHS = "";
			};
			name = Debug;
		};
		87011107180FCF140034B9AC /* Release */ = {
			isa = XCBuildConfiguration;
			buildSettings = {
				ALWAYS_SEARCH_USER_PATHS = YES;
				CLANG_ANALYZER_SECURITY_FLOATLOOPCOUNTER = YES;
				CLANG_ANALYZER_SECURITY_INSECUREAPI_RAND = YES;
				CLANG_ANALYZER_SECURITY_INSECUREAPI_STRCPY = YES;
				CLANG_CXX_LANGUAGE_STANDARD = "gnu++0x";
				CLANG_CXX_LIBRARY = "libc++";
				CLANG_ENABLE_MODULES = YES;
				CLANG_ENABLE_OBJC_ARC = YES;
				CLANG_WARN_BOOL_CONVERSION = YES;
				CLANG_WARN_CONSTANT_CONVERSION = YES;
				CLANG_WARN_DIRECT_OBJC_ISA_USAGE = YES_ERROR;
				CLANG_WARN_DOCUMENTATION_COMMENTS = YES;
				CLANG_WARN_EMPTY_BODY = YES;
				CLANG_WARN_ENUM_CONVERSION = YES;
				CLANG_WARN_INT_CONVERSION = YES;
				CLANG_WARN_OBJC_REPEATED_USE_OF_WEAK = YES;
				CLANG_WARN_OBJC_ROOT_CLASS = YES_ERROR;
				CLANG_WARN_SUSPICIOUS_IMPLICIT_CONVERSION = YES;
				CLANG_WARN__DUPLICATE_METHOD_MATCH = YES;
				"CODE_SIGN_IDENTITY[sdk=iphoneos*]" = "";
				COPY_PHASE_STRIP = YES;
				ENABLE_NS_ASSERTIONS = NO;
				GCC_C_LANGUAGE_STANDARD = gnu99;
				GCC_OPTIMIZATION_LEVEL = fast;
				GCC_WARN_64_TO_32_BIT_CONVERSION = YES;
				GCC_WARN_ABOUT_MISSING_NEWLINE = YES;
				GCC_WARN_ABOUT_RETURN_TYPE = YES_ERROR;
				GCC_WARN_INITIALIZER_NOT_FULLY_BRACKETED = YES;
				GCC_WARN_SHADOW = YES;
				GCC_WARN_UNDECLARED_SELECTOR = YES;
				GCC_WARN_UNINITIALIZED_AUTOS = YES;
				GCC_WARN_UNUSED_FUNCTION = YES;
				GCC_WARN_UNUSED_VARIABLE = YES;
				IPHONEOS_DEPLOYMENT_TARGET = 7.1;
				ONLY_ACTIVE_ARCH = YES;
				PROVISIONING_PROFILE = "0BF37EE2-7E6E-447E-82DD-15E28ED3872B";
				SDKROOT = iphoneos;
				TARGETED_DEVICE_FAMILY = 2;
				USER_HEADER_SEARCH_PATHS = "";
				VALIDATE_PRODUCT = YES;
			};
			name = Release;
		};
		87011109180FCF140034B9AC /* Debug */ = {
			isa = XCBuildConfiguration;
			baseConfigurationReference = 462072B4D22FBED0967E830D /* Pods.debug.xcconfig */;
			buildSettings = {
				ASSETCATALOG_COMPILER_APPICON_NAME = AppIcon;
				ASSETCATALOG_COMPILER_LAUNCHIMAGE_NAME = LaunchImage;
				CODE_SIGN_IDENTITY = "iPhone Developer";
				"CODE_SIGN_IDENTITY[sdk=iphoneos*]" = "iPhone Developer";
				FRAMEWORK_SEARCH_PATHS = (
					"$(PROJECT_DIR)/**",
					"$(PROJECT_DIR)/PublissCore.embeddedframework",
				);
				GCC_PRECOMPILE_PREFIX_HEADER = YES;
				GCC_PREFIX_HEADER = "Publiss/Publiss-Prefix.pch";
				INFOPLIST_FILE = "Publiss/Publiss-Info.plist";
				IPHONEOS_DEPLOYMENT_TARGET = 7.0;
				LIBRARY_SEARCH_PATHS = "$(inherited)";
				ONLY_ACTIVE_ARCH = YES;
				PRODUCT_NAME = "$(TARGET_NAME)";
				PROVISIONING_PROFILE = "";
				TARGETED_DEVICE_FAMILY = "1,2";
				USER_HEADER_SEARCH_PATHS = "$(SRCROOT)/PublissCore.embeddedframework/PublissCore.framework/Headers/**";
				WRAPPER_EXTENSION = app;
			};
			name = Debug;
		};
		8701110A180FCF140034B9AC /* Release */ = {
			isa = XCBuildConfiguration;
			baseConfigurationReference = ACC07DEE8AD97811741438B8 /* Pods.release.xcconfig */;
			buildSettings = {
				ASSETCATALOG_COMPILER_APPICON_NAME = AppIcon;
				ASSETCATALOG_COMPILER_LAUNCHIMAGE_NAME = LaunchImage;
				CODE_SIGN_IDENTITY = "iPhone Developer";
				"CODE_SIGN_IDENTITY[sdk=iphoneos*]" = "iPhone Developer";
				FRAMEWORK_SEARCH_PATHS = (
					"$(PROJECT_DIR)/**",
					"$(PROJECT_DIR)/PublissCore.embeddedframework",
				);
				GCC_PRECOMPILE_PREFIX_HEADER = YES;
				GCC_PREFIX_HEADER = "Publiss/Publiss-Prefix.pch";
				INFOPLIST_FILE = "Publiss/Publiss-Info.plist";
				IPHONEOS_DEPLOYMENT_TARGET = 7.0;
				LIBRARY_SEARCH_PATHS = "$(inherited)";
				ONLY_ACTIVE_ARCH = NO;
				PRODUCT_NAME = "$(TARGET_NAME)";
				PROVISIONING_PROFILE = "";
				TARGETED_DEVICE_FAMILY = "1,2";
				USER_HEADER_SEARCH_PATHS = "$(SRCROOT)/PublissCore.embeddedframework/PublissCore.framework/Headers/**";
				WRAPPER_EXTENSION = app;
			};
			name = Release;
		};
		8701110C180FCF140034B9AC /* Debug */ = {
			isa = XCBuildConfiguration;
			buildSettings = {
				BUNDLE_LOADER = "$(BUILT_PRODUCTS_DIR)/Publiss.app/Publiss";
				FRAMEWORK_SEARCH_PATHS = (
					"$(SDKROOT)/Developer/Library/Frameworks",
					"$(inherited)",
					"$(DEVELOPER_FRAMEWORKS_DIR)",
					"$(PROJECT_DIR)/PublissCore.embeddedframework",
				);
				GCC_PRECOMPILE_PREFIX_HEADER = YES;
				GCC_PREFIX_HEADER = "Publiss/Publiss-Prefix.pch";
				GCC_PREPROCESSOR_DEFINITIONS = (
					"DEBUG=1",
					"$(inherited)",
				);
				INFOPLIST_FILE = "PublissTests/PublissTests-Info.plist";
				PRODUCT_NAME = "$(TARGET_NAME)";
				TEST_HOST = "$(BUNDLE_LOADER)";
				USER_HEADER_SEARCH_PATHS = "$(SRCROOT)/../PSPDFKit/PSPDFKit/** $(SRCROOT)/PublissCore.embeddedframework/PublissCore.framework/Headers";
				WRAPPER_EXTENSION = xctest;
			};
			name = Debug;
		};
		8701110D180FCF140034B9AC /* Release */ = {
			isa = XCBuildConfiguration;
			buildSettings = {
				BUNDLE_LOADER = "$(BUILT_PRODUCTS_DIR)/Publiss.app/Publiss";
				FRAMEWORK_SEARCH_PATHS = (
					"$(SDKROOT)/Developer/Library/Frameworks",
					"$(inherited)",
					"$(DEVELOPER_FRAMEWORKS_DIR)",
					"$(PROJECT_DIR)/PublissCore.embeddedframework",
				);
				GCC_PRECOMPILE_PREFIX_HEADER = YES;
				GCC_PREFIX_HEADER = "Publiss/Publiss-Prefix.pch";
				INFOPLIST_FILE = "PublissTests/PublissTests-Info.plist";
				PRODUCT_NAME = "$(TARGET_NAME)";
				TEST_HOST = "$(BUNDLE_LOADER)";
				USER_HEADER_SEARCH_PATHS = "$(SRCROOT)/../PSPDFKit/PSPDFKit/** $(SRCROOT)/PublissCore.embeddedframework/PublissCore.framework/Headers";
				WRAPPER_EXTENSION = xctest;
			};
			name = Release;
		};
/* End XCBuildConfiguration section */

/* Begin XCConfigurationList section */
		870110D1180FCF140034B9AC /* Build configuration list for PBXProject "Publiss" */ = {
			isa = XCConfigurationList;
			buildConfigurations = (
				87011106180FCF140034B9AC /* Debug */,
				87011107180FCF140034B9AC /* Release */,
			);
			defaultConfigurationIsVisible = 0;
			defaultConfigurationName = Release;
		};
		87011108180FCF140034B9AC /* Build configuration list for PBXNativeTarget "Publiss" */ = {
			isa = XCConfigurationList;
			buildConfigurations = (
				87011109180FCF140034B9AC /* Debug */,
				8701110A180FCF140034B9AC /* Release */,
			);
			defaultConfigurationIsVisible = 0;
			defaultConfigurationName = Release;
		};
		8701110B180FCF140034B9AC /* Build configuration list for PBXNativeTarget "PublissTests" */ = {
			isa = XCConfigurationList;
			buildConfigurations = (
				8701110C180FCF140034B9AC /* Debug */,
				8701110D180FCF140034B9AC /* Release */,
			);
			defaultConfigurationIsVisible = 0;
			defaultConfigurationName = Release;
		};
/* End XCConfigurationList section */

/* Begin XCVersionGroup section */
		7864703518A532030005B3B1 /* Publiss.xcdatamodeld */ = {
			isa = XCVersionGroup;
			children = (
				37B57E9C19ECFE3E000B893A /* Publiss_2.1.0.xcdatamodel */,
				8784A72818F575D9001DB322 /* Publiss_1.11.xcdatamodel */,
				D403592118BF442100C5E72F /* Publiss_1.03.xcdatamodel */,
				7864703618A532030005B3B1 /* Publiss.xcdatamodel */,
				7864703718A532030005B3B1 /* Publiss_1.01.xcdatamodel */,
				7864703818A532030005B3B1 /* Publiss_1.02.xcdatamodel */,
			);
			currentVersion = 37B57E9C19ECFE3E000B893A /* Publiss_2.1.0.xcdatamodel */;
			path = Publiss.xcdatamodeld;
			sourceTree = "<group>";
			versionGroupType = wrapper.xcdatamodel;
		};
/* End XCVersionGroup section */
	};
	rootObject = 870110CE180FCF140034B9AC /* Project object */;
}
